
Microsoft Visual Studio Solution File, Format Version 12.00
# Visual Studio Version 16
VisualStudioVersion = 16.0.29519.181
MinimumVisualStudioVersion = 10.0.40219.1
Project("{2150E333-8FDC-42A3-9474-1A3956D46DE8}") = "Libraries", "Libraries", "{E4ACA93B-D3DE-4557-B069-F1DB42925A4B}"
EndProject
Project("{2150E333-8FDC-42A3-9474-1A3956D46DE8}") = "Presentation", "Presentation", "{B09156FB-8291-46A2-AF37-67CE97CFB5A6}"
EndProject
Project("{2150E333-8FDC-42A3-9474-1A3956D46DE8}") = "Tests", "Tests", "{A340B280-C12B-47E7-90B7-89C650F8AAFC}"
EndProject
Project("{2150E333-8FDC-42A3-9474-1A3956D46DE8}") = "Plugins", "Plugins", "{7881B112-7843-4542-B1F7-F99553FB9BB7}"
EndProject
Project("{9A19103F-16F7-4668-BE54-9A1E7A4F7556}") = "Nop.Web", "Presentation\Nop.Web\Nop.Web.csproj", "{4F1F649C-1020-45BE-A487-F416D9297FF3}"
EndProject
Project("{9A19103F-16F7-4668-BE54-9A1E7A4F7556}") = "Nop.Core", "Libraries\Nop.Core\Nop.Core.csproj", "{6BDA8332-939F-45B7-A25E-7A797260AE59}"
EndProject
Project("{9A19103F-16F7-4668-BE54-9A1E7A4F7556}") = "Nop.Data", "Libraries\Nop.Data\Nop.Data.csproj", "{CCD7F2C9-6A2C-4CF0-8E89-076B8FC0F144}"
EndProject
Project("{9A19103F-16F7-4668-BE54-9A1E7A4F7556}") = "Nop.Services", "Libraries\Nop.Services\Nop.Services.csproj", "{210541AD-F659-47DA-8763-16F36C5CD2F4}"
EndProject
Project("{9A19103F-16F7-4668-BE54-9A1E7A4F7556}") = "Nop.Services.Tests", "Tests\Nop.Services.Tests\Nop.Services.Tests.csproj", "{5DCBE5B1-1A02-48E7-9853-5FCEF2A36805}"
EndProject
Project("{9A19103F-16F7-4668-BE54-9A1E7A4F7556}") = "Nop.Core.Tests", "Tests\Nop.Core.Tests\Nop.Core.Tests.csproj", "{7A9BDC6A-F880-43D5-9B2A-59C1674CE449}"
EndProject
Project("{9A19103F-16F7-4668-BE54-9A1E7A4F7556}") = "Nop.Tests", "Tests\Nop.Tests\Nop.Tests.csproj", "{1D9EB579-3630-468A-BE94-49E7DF4F6E1D}"
EndProject
Project("{9A19103F-16F7-4668-BE54-9A1E7A4F7556}") = "Nop.Web.MVC.Tests", "Tests\Nop.Web.MVC.Tests\Nop.Web.MVC.Tests.csproj", "{57718244-1B22-4637-9DBF-F5D8E460FC95}"
EndProject
Project("{9A19103F-16F7-4668-BE54-9A1E7A4F7556}") = "Nop.Web.Framework", "Presentation\Nop.Web.Framework\Nop.Web.Framework.csproj", "{75FD4163-333C-4DD5-854D-2EF294E45D94}"
EndProject
Project("{9A19103F-16F7-4668-BE54-9A1E7A4F7556}") = "Nop.Plugin.Misc.AzureWebTestsIntegration", "Plugins\Nop.Plugin.Misc.AzureWebTestsIntegration\Nop.Plugin.Misc.AzureWebTestsIntegration.csproj", "{9CE8D2CE-0214-41E5-95FC-2E04BD25B052}"
EndProject
Project("{9A19103F-16F7-4668-BE54-9A1E7A4F7556}") = "Nop.Plugin.Tax.AbcCountryStateZip", "Plugins\Nop.Plugin.Tax.AbcCountryStateZip\Nop.Plugin.Tax.AbcCountryStateZip.csproj", "{493761CB-5190-4283-8C6C-A8CEB5450CAB}"
EndProject
Project("{9A19103F-16F7-4668-BE54-9A1E7A4F7556}") = "Nop.Plugin.Misc.EnhancedLogging", "Plugins\Nop.Plugin.Misc.EnhancedLogging\Nop.Plugin.Misc.EnhancedLogging.csproj", "{C87B6EED-8305-4458-861E-CB91E906C1A9}"
EndProject
Project("{9A19103F-16F7-4668-BE54-9A1E7A4F7556}") = "Nop.Plugin.Misc.FreshAddressNewsletterIntegration", "Plugins\Nop.Plugin.Misc.FreshAddressNewsletterIntegration\Nop.Plugin.Misc.FreshAddressNewsletterIntegration.csproj", "{B6C4F12D-0840-4D91-82C6-78FB75704855}"
EndProject
Project("{9A19103F-16F7-4668-BE54-9A1E7A4F7556}") = "Nop.Plugin.Misc.SearchPageRedirect", "Plugins\Nop.Plugin.Misc.SearchPageRedirect\Nop.Plugin.Misc.SearchPageRedirect.csproj", "{18CD2024-8BCA-4745-84D4-92B95B5801AA}"
EndProject
Project("{9A19103F-16F7-4668-BE54-9A1E7A4F7556}") = "Nop.Plugin.Payments.AbcCard", "Plugins\Nop.Plugin.Payments.AbcCard\Nop.Plugin.Payments.AbcCard.csproj", "{646F9692-DD60-4ED5-8A03-145742E14B68}"
EndProject
Project("{9A19103F-16F7-4668-BE54-9A1E7A4F7556}") = "Nop.Plugin.Misc.AbcCore", "Plugins\Nop.Plugin.Misc.AbcCore\Nop.Plugin.Misc.AbcCore.csproj", "{1A675491-2EED-4981-9B93-15766CAAFAFB}"
EndProject
Project("{9A19103F-16F7-4668-BE54-9A1E7A4F7556}") = "Nop.Plugin.Misc.AbcSync", "Plugins\Nop.Plugin.Misc.AbcSync\Nop.Plugin.Misc.AbcSync.csproj", "{7FFED01F-08CB-4B62-AEFD-F19240CEA23E}"
EndProject
Project("{9A19103F-16F7-4668-BE54-9A1E7A4F7556}") = "Nop.Plugin.Misc.AbcFrontend", "Plugins\Nop.Plugin.Misc.AbcFrontend\Nop.Plugin.Misc.AbcFrontend.csproj", "{845CBC81-5E2B-4BA3-8291-9C35C3F75300}"
EndProject
Project("{9A19103F-16F7-4668-BE54-9A1E7A4F7556}") = "Nop.Plugin.Widgets.AbcHomeDeliveryStatus", "Plugins\Nop.Plugin.Widgets.AbcHomeDeliveryStatus\Nop.Plugin.Widgets.AbcHomeDeliveryStatus.csproj", "{AA28E1B5-A2D0-4107-98FD-DDAA7F22FDEE}"
EndProject
Project("{9A19103F-16F7-4668-BE54-9A1E7A4F7556}") = "Nop.Plugin.Misc.AbcSliExport", "Plugins\Nop.Plugin.Misc.AbcSliExport\Nop.Plugin.Misc.AbcSliExport.csproj", "{247D5380-3929-4C1A-8297-2B01AF9F2AF1}"
EndProject
Project("{9A19103F-16F7-4668-BE54-9A1E7A4F7556}") = "Nop.Plugin.Widgets.AbcContactUs", "Plugins\Nop.Plugin.Widgets.AbcContactUs\Nop.Plugin.Widgets.AbcContactUs.csproj", "{571BB932-A0EC-4E1B-A25F-88D114A12B87}"
EndProject
Project("{9A19103F-16F7-4668-BE54-9A1E7A4F7556}") = "Nop.Plugin.Misc.AbcStatusApi", "Plugins\Nop.Plugin.Misc.AbcStatusApi\Nop.Plugin.Misc.AbcStatusApi.csproj", "{A5724D2A-9584-4FF5-9249-6C9489B4721B}"
EndProject
Project("{9A19103F-16F7-4668-BE54-9A1E7A4F7556}") = "Nop.Plugin.Misc.AbcExportOrder", "Plugins\Nop.Plugin.Misc.AbcExportOrder\Nop.Plugin.Misc.AbcExportOrder.csproj", "{9ACDD625-E8AD-4C64-BB00-13426196193A}"
EndProject
Project("{9A19103F-16F7-4668-BE54-9A1E7A4F7556}") = "Nop.Plugin.Shipping.HomeDelivery", "Plugins\Nop.Plugin.Shipping.HomeDelivery\Nop.Plugin.Shipping.HomeDelivery.csproj", "{265B92AB-47F6-42AA-A45C-93A2EB3C7097}"
EndProject
Project("{9A19103F-16F7-4668-BE54-9A1E7A4F7556}") = "Nop.Plugin.Widgets.AbcBonusBundle", "Plugins\Nop.Plugin.Widgets.AbcBonusBundle\Nop.Plugin.Widgets.AbcBonusBundle.csproj", "{57A0E8E9-C44A-4E1B-B37D-760E94A1759F}"
EndProject
Project("{9A19103F-16F7-4668-BE54-9A1E7A4F7556}") = "Nop.Plugin.Widgets.AbcMarkdownDate", "Plugins\Nop.Plugin.Widgets.AbcMarkdownDate\Nop.Plugin.Widgets.AbcMarkdownDate.csproj", "{CB5C02DC-898A-49D2-BD60-BEB58F819AD0}"
EndProject
Project("{9A19103F-16F7-4668-BE54-9A1E7A4F7556}") = "Nop.Plugin.Widgets.AbcPickupInStore", "Plugins\Nop.Plugin.Widgets.AbcPickupInStore\Nop.Plugin.Widgets.AbcPickupInStore.csproj", "{0B898F36-66FC-4682-A410-483FE50F88C3}"
EndProject
Project("{9A19103F-16F7-4668-BE54-9A1E7A4F7556}") = "Nop.Plugin.Widgets.AbcSynchronyPayments", "Plugins\Nop.Plugin.Widgets.AbcSynchronyPayments\Nop.Plugin.Widgets.AbcSynchronyPayments.csproj", "{FA0CC365-4E87-4C3F-A951-2ED1A3F176BC}"
EndProject
Project("{9A19103F-16F7-4668-BE54-9A1E7A4F7556}") = "Nop.Plugin.Payments.Synchrony", "Plugins\Nop.Plugin.Payments.Synchrony\Nop.Plugin.Payments.Synchrony.csproj", "{D2CEE27D-6742-475A-9943-72FE1658F9CF}"
EndProject
Project("{FAE04EC0-301F-11D3-BF4B-00C04F79EFBC}") = "Nop.Plugin.Widgets.Bronto", "Plugins\Nop.Plugin.Widgets.Bronto\Nop.Plugin.Widgets.Bronto.csproj", "{6E0CAFF2-E907-4986-BDAC-265E1D84CCBB}"
EndProject
Project("{FAE04EC0-301F-11D3-BF4B-00C04F79EFBC}") = "Nop.Plugin.Misc.AbcSiteOnTimeSync", "Plugins\Nop.Plugin.Misc.AbcSiteOnTimeSync\Nop.Plugin.Misc.AbcSiteOnTimeSync.csproj", "{90A82A09-F051-458C-9C41-DBC9FCF76F7B}"
EndProject
Project("{FAE04EC0-301F-11D3-BF4B-00C04F79EFBC}") = "Nop.Plugin.Widgets.PowerReviews", "Plugins\Nop.Plugin.Widgets.PowerReviews\Nop.Plugin.Widgets.PowerReviews.csproj", "{B7AE1FDE-C114-4E85-B7E1-1B796D072648}"
EndProject
Project("{FAE04EC0-301F-11D3-BF4B-00C04F79EFBC}") = "Nop.Plugin.Widgets.AbcPromos", "Plugins\Nop.Plugin.Widgets.AbcPromos\Nop.Plugin.Widgets.AbcPromos.csproj", "{DB9BD7B6-254B-4BF6-9548-288596E45C25}"
EndProject
Project("{FAE04EC0-301F-11D3-BF4B-00C04F79EFBC}") = "Nop.Plugin.Widgets.AbcEnergyGuide", "Plugins\Nop.Plugin.Widgets.AbcEnergyGuide\Nop.Plugin.Widgets.AbcEnergyGuide.csproj", "{016DFDDB-6A34-4A71-B45D-A11D9C132063}"
EndProject
Project("{FAE04EC0-301F-11D3-BF4B-00C04F79EFBC}") = "Nop.Plugin.Misc.AbcMattresses", "Plugins\Nop.Plugin.Misc.AbcMattresses\Nop.Plugin.Misc.AbcMattresses.csproj", "{DFB7C019-271E-4136-A22A-2F2156716144}"
EndProject
Project("{FAE04EC0-301F-11D3-BF4B-00C04F79EFBC}") = "Nop.Plugin.Misc.AbcMattresses.Tests", "Tests\Nop.Plugin.Misc.AbcMattresses.Tests\Nop.Plugin.Misc.AbcMattresses.Tests.csproj", "{6203D481-A8A5-4B77-8D29-CD56C9CB99D8}"
EndProject
Project("{FAE04EC0-301F-11D3-BF4B-00C04F79EFBC}") = "Nop.Plugin.Misc.AbcExportOrder.Tests", "Tests\Nop.Plugin.Misc.AbcExportOrder.Tests\Nop.Plugin.Misc.AbcExportOrder.Tests.csproj", "{3F921DB7-1CE4-48FB-BAC7-1AEB54EDCB69}"
EndProject
Global
	GlobalSection(SolutionConfigurationPlatforms) = preSolution
		Debug|Any CPU = Debug|Any CPU
		Debug|Mixed Platforms = Debug|Mixed Platforms
		Debug|x86 = Debug|x86
		Release|Any CPU = Release|Any CPU
		Release|Mixed Platforms = Release|Mixed Platforms
		Release|x86 = Release|x86
	EndGlobalSection
	GlobalSection(ProjectConfigurationPlatforms) = postSolution
		{4F1F649C-1020-45BE-A487-F416D9297FF3}.Debug|Any CPU.ActiveCfg = Debug|Any CPU
		{4F1F649C-1020-45BE-A487-F416D9297FF3}.Debug|Any CPU.Build.0 = Debug|Any CPU
		{4F1F649C-1020-45BE-A487-F416D9297FF3}.Debug|Mixed Platforms.ActiveCfg = Debug|Any CPU
		{4F1F649C-1020-45BE-A487-F416D9297FF3}.Debug|Mixed Platforms.Build.0 = Debug|Any CPU
		{4F1F649C-1020-45BE-A487-F416D9297FF3}.Debug|x86.ActiveCfg = Debug|Any CPU
		{4F1F649C-1020-45BE-A487-F416D9297FF3}.Release|Any CPU.ActiveCfg = Release|Any CPU
		{4F1F649C-1020-45BE-A487-F416D9297FF3}.Release|Any CPU.Build.0 = Release|Any CPU
		{4F1F649C-1020-45BE-A487-F416D9297FF3}.Release|Mixed Platforms.ActiveCfg = Release|Any CPU
		{4F1F649C-1020-45BE-A487-F416D9297FF3}.Release|Mixed Platforms.Build.0 = Release|Any CPU
		{4F1F649C-1020-45BE-A487-F416D9297FF3}.Release|x86.ActiveCfg = Release|Any CPU
		{6BDA8332-939F-45B7-A25E-7A797260AE59}.Debug|Any CPU.ActiveCfg = Debug|Any CPU
		{6BDA8332-939F-45B7-A25E-7A797260AE59}.Debug|Any CPU.Build.0 = Debug|Any CPU
		{6BDA8332-939F-45B7-A25E-7A797260AE59}.Debug|Mixed Platforms.ActiveCfg = Debug|Any CPU
		{6BDA8332-939F-45B7-A25E-7A797260AE59}.Debug|Mixed Platforms.Build.0 = Debug|Any CPU
		{6BDA8332-939F-45B7-A25E-7A797260AE59}.Debug|x86.ActiveCfg = Debug|Any CPU
		{6BDA8332-939F-45B7-A25E-7A797260AE59}.Release|Any CPU.ActiveCfg = Release|Any CPU
		{6BDA8332-939F-45B7-A25E-7A797260AE59}.Release|Any CPU.Build.0 = Release|Any CPU
		{6BDA8332-939F-45B7-A25E-7A797260AE59}.Release|Mixed Platforms.ActiveCfg = Release|Any CPU
		{6BDA8332-939F-45B7-A25E-7A797260AE59}.Release|Mixed Platforms.Build.0 = Release|Any CPU
		{6BDA8332-939F-45B7-A25E-7A797260AE59}.Release|x86.ActiveCfg = Release|Any CPU
		{CCD7F2C9-6A2C-4CF0-8E89-076B8FC0F144}.Debug|Any CPU.ActiveCfg = Debug|Any CPU
		{CCD7F2C9-6A2C-4CF0-8E89-076B8FC0F144}.Debug|Any CPU.Build.0 = Debug|Any CPU
		{CCD7F2C9-6A2C-4CF0-8E89-076B8FC0F144}.Debug|Mixed Platforms.ActiveCfg = Debug|Any CPU
		{CCD7F2C9-6A2C-4CF0-8E89-076B8FC0F144}.Debug|Mixed Platforms.Build.0 = Debug|Any CPU
		{CCD7F2C9-6A2C-4CF0-8E89-076B8FC0F144}.Debug|x86.ActiveCfg = Debug|Any CPU
		{CCD7F2C9-6A2C-4CF0-8E89-076B8FC0F144}.Release|Any CPU.ActiveCfg = Release|Any CPU
		{CCD7F2C9-6A2C-4CF0-8E89-076B8FC0F144}.Release|Any CPU.Build.0 = Release|Any CPU
		{CCD7F2C9-6A2C-4CF0-8E89-076B8FC0F144}.Release|Mixed Platforms.ActiveCfg = Release|Any CPU
		{CCD7F2C9-6A2C-4CF0-8E89-076B8FC0F144}.Release|Mixed Platforms.Build.0 = Release|Any CPU
		{CCD7F2C9-6A2C-4CF0-8E89-076B8FC0F144}.Release|x86.ActiveCfg = Release|Any CPU
		{210541AD-F659-47DA-8763-16F36C5CD2F4}.Debug|Any CPU.ActiveCfg = Debug|Any CPU
		{210541AD-F659-47DA-8763-16F36C5CD2F4}.Debug|Any CPU.Build.0 = Debug|Any CPU
		{210541AD-F659-47DA-8763-16F36C5CD2F4}.Debug|Mixed Platforms.ActiveCfg = Debug|Any CPU
		{210541AD-F659-47DA-8763-16F36C5CD2F4}.Debug|Mixed Platforms.Build.0 = Debug|Any CPU
		{210541AD-F659-47DA-8763-16F36C5CD2F4}.Debug|x86.ActiveCfg = Debug|Any CPU
		{210541AD-F659-47DA-8763-16F36C5CD2F4}.Release|Any CPU.ActiveCfg = Release|Any CPU
		{210541AD-F659-47DA-8763-16F36C5CD2F4}.Release|Any CPU.Build.0 = Release|Any CPU
		{210541AD-F659-47DA-8763-16F36C5CD2F4}.Release|Mixed Platforms.ActiveCfg = Release|Any CPU
		{210541AD-F659-47DA-8763-16F36C5CD2F4}.Release|Mixed Platforms.Build.0 = Release|Any CPU
		{210541AD-F659-47DA-8763-16F36C5CD2F4}.Release|x86.ActiveCfg = Release|Any CPU
		{5DCBE5B1-1A02-48E7-9853-5FCEF2A36805}.Debug|Any CPU.ActiveCfg = Debug|Any CPU
		{5DCBE5B1-1A02-48E7-9853-5FCEF2A36805}.Debug|Any CPU.Build.0 = Debug|Any CPU
		{5DCBE5B1-1A02-48E7-9853-5FCEF2A36805}.Debug|Mixed Platforms.ActiveCfg = Debug|Any CPU
		{5DCBE5B1-1A02-48E7-9853-5FCEF2A36805}.Debug|Mixed Platforms.Build.0 = Debug|Any CPU
		{5DCBE5B1-1A02-48E7-9853-5FCEF2A36805}.Debug|x86.ActiveCfg = Debug|Any CPU
		{5DCBE5B1-1A02-48E7-9853-5FCEF2A36805}.Release|Any CPU.ActiveCfg = Release|Any CPU
		{5DCBE5B1-1A02-48E7-9853-5FCEF2A36805}.Release|Any CPU.Build.0 = Release|Any CPU
		{5DCBE5B1-1A02-48E7-9853-5FCEF2A36805}.Release|Mixed Platforms.ActiveCfg = Release|Any CPU
		{5DCBE5B1-1A02-48E7-9853-5FCEF2A36805}.Release|Mixed Platforms.Build.0 = Release|Any CPU
		{5DCBE5B1-1A02-48E7-9853-5FCEF2A36805}.Release|x86.ActiveCfg = Release|Any CPU
		{7A9BDC6A-F880-43D5-9B2A-59C1674CE449}.Debug|Any CPU.ActiveCfg = Debug|Any CPU
		{7A9BDC6A-F880-43D5-9B2A-59C1674CE449}.Debug|Any CPU.Build.0 = Debug|Any CPU
		{7A9BDC6A-F880-43D5-9B2A-59C1674CE449}.Debug|Mixed Platforms.ActiveCfg = Debug|Any CPU
		{7A9BDC6A-F880-43D5-9B2A-59C1674CE449}.Debug|Mixed Platforms.Build.0 = Debug|Any CPU
		{7A9BDC6A-F880-43D5-9B2A-59C1674CE449}.Debug|x86.ActiveCfg = Debug|Any CPU
		{7A9BDC6A-F880-43D5-9B2A-59C1674CE449}.Release|Any CPU.ActiveCfg = Release|Any CPU
		{7A9BDC6A-F880-43D5-9B2A-59C1674CE449}.Release|Any CPU.Build.0 = Release|Any CPU
		{7A9BDC6A-F880-43D5-9B2A-59C1674CE449}.Release|Mixed Platforms.ActiveCfg = Release|Any CPU
		{7A9BDC6A-F880-43D5-9B2A-59C1674CE449}.Release|Mixed Platforms.Build.0 = Release|Any CPU
		{7A9BDC6A-F880-43D5-9B2A-59C1674CE449}.Release|x86.ActiveCfg = Release|Any CPU
		{1D9EB579-3630-468A-BE94-49E7DF4F6E1D}.Debug|Any CPU.ActiveCfg = Debug|Any CPU
		{1D9EB579-3630-468A-BE94-49E7DF4F6E1D}.Debug|Any CPU.Build.0 = Debug|Any CPU
		{1D9EB579-3630-468A-BE94-49E7DF4F6E1D}.Debug|Mixed Platforms.ActiveCfg = Debug|Any CPU
		{1D9EB579-3630-468A-BE94-49E7DF4F6E1D}.Debug|Mixed Platforms.Build.0 = Debug|Any CPU
		{1D9EB579-3630-468A-BE94-49E7DF4F6E1D}.Debug|x86.ActiveCfg = Debug|Any CPU
		{1D9EB579-3630-468A-BE94-49E7DF4F6E1D}.Release|Any CPU.ActiveCfg = Release|Any CPU
		{1D9EB579-3630-468A-BE94-49E7DF4F6E1D}.Release|Any CPU.Build.0 = Release|Any CPU
		{1D9EB579-3630-468A-BE94-49E7DF4F6E1D}.Release|Mixed Platforms.ActiveCfg = Release|Any CPU
		{1D9EB579-3630-468A-BE94-49E7DF4F6E1D}.Release|Mixed Platforms.Build.0 = Release|Any CPU
		{1D9EB579-3630-468A-BE94-49E7DF4F6E1D}.Release|x86.ActiveCfg = Release|Any CPU
		{57718244-1B22-4637-9DBF-F5D8E460FC95}.Debug|Any CPU.ActiveCfg = Debug|Any CPU
		{57718244-1B22-4637-9DBF-F5D8E460FC95}.Debug|Any CPU.Build.0 = Debug|Any CPU
		{57718244-1B22-4637-9DBF-F5D8E460FC95}.Debug|Mixed Platforms.ActiveCfg = Debug|Any CPU
		{57718244-1B22-4637-9DBF-F5D8E460FC95}.Debug|Mixed Platforms.Build.0 = Debug|Any CPU
		{57718244-1B22-4637-9DBF-F5D8E460FC95}.Debug|x86.ActiveCfg = Debug|Any CPU
		{57718244-1B22-4637-9DBF-F5D8E460FC95}.Release|Any CPU.ActiveCfg = Release|Any CPU
		{57718244-1B22-4637-9DBF-F5D8E460FC95}.Release|Any CPU.Build.0 = Release|Any CPU
		{57718244-1B22-4637-9DBF-F5D8E460FC95}.Release|Mixed Platforms.ActiveCfg = Release|Any CPU
		{57718244-1B22-4637-9DBF-F5D8E460FC95}.Release|Mixed Platforms.Build.0 = Release|Any CPU
		{57718244-1B22-4637-9DBF-F5D8E460FC95}.Release|x86.ActiveCfg = Release|Any CPU
		{75FD4163-333C-4DD5-854D-2EF294E45D94}.Debug|Any CPU.ActiveCfg = Debug|Any CPU
		{75FD4163-333C-4DD5-854D-2EF294E45D94}.Debug|Any CPU.Build.0 = Debug|Any CPU
		{75FD4163-333C-4DD5-854D-2EF294E45D94}.Debug|Mixed Platforms.ActiveCfg = Debug|Any CPU
		{75FD4163-333C-4DD5-854D-2EF294E45D94}.Debug|Mixed Platforms.Build.0 = Debug|Any CPU
		{75FD4163-333C-4DD5-854D-2EF294E45D94}.Debug|x86.ActiveCfg = Debug|Any CPU
		{75FD4163-333C-4DD5-854D-2EF294E45D94}.Release|Any CPU.ActiveCfg = Release|Any CPU
		{75FD4163-333C-4DD5-854D-2EF294E45D94}.Release|Any CPU.Build.0 = Release|Any CPU
		{75FD4163-333C-4DD5-854D-2EF294E45D94}.Release|Mixed Platforms.ActiveCfg = Release|Any CPU
		{75FD4163-333C-4DD5-854D-2EF294E45D94}.Release|Mixed Platforms.Build.0 = Release|Any CPU
		{75FD4163-333C-4DD5-854D-2EF294E45D94}.Release|x86.ActiveCfg = Release|Any CPU
		{9CE8D2CE-0214-41E5-95FC-2E04BD25B052}.Debug|Any CPU.ActiveCfg = Debug|Any CPU
		{9CE8D2CE-0214-41E5-95FC-2E04BD25B052}.Debug|Any CPU.Build.0 = Debug|Any CPU
		{9CE8D2CE-0214-41E5-95FC-2E04BD25B052}.Debug|Mixed Platforms.ActiveCfg = Debug|Any CPU
		{9CE8D2CE-0214-41E5-95FC-2E04BD25B052}.Debug|Mixed Platforms.Build.0 = Debug|Any CPU
		{9CE8D2CE-0214-41E5-95FC-2E04BD25B052}.Debug|x86.ActiveCfg = Debug|Any CPU
		{9CE8D2CE-0214-41E5-95FC-2E04BD25B052}.Debug|x86.Build.0 = Debug|Any CPU
		{9CE8D2CE-0214-41E5-95FC-2E04BD25B052}.Release|Any CPU.ActiveCfg = Release|Any CPU
		{9CE8D2CE-0214-41E5-95FC-2E04BD25B052}.Release|Any CPU.Build.0 = Release|Any CPU
		{9CE8D2CE-0214-41E5-95FC-2E04BD25B052}.Release|Mixed Platforms.ActiveCfg = Release|Any CPU
		{9CE8D2CE-0214-41E5-95FC-2E04BD25B052}.Release|Mixed Platforms.Build.0 = Release|Any CPU
		{9CE8D2CE-0214-41E5-95FC-2E04BD25B052}.Release|x86.ActiveCfg = Release|Any CPU
		{9CE8D2CE-0214-41E5-95FC-2E04BD25B052}.Release|x86.Build.0 = Release|Any CPU
		{493761CB-5190-4283-8C6C-A8CEB5450CAB}.Debug|Any CPU.ActiveCfg = Debug|Any CPU
		{493761CB-5190-4283-8C6C-A8CEB5450CAB}.Debug|Any CPU.Build.0 = Debug|Any CPU
		{493761CB-5190-4283-8C6C-A8CEB5450CAB}.Debug|Mixed Platforms.ActiveCfg = Debug|Any CPU
		{493761CB-5190-4283-8C6C-A8CEB5450CAB}.Debug|Mixed Platforms.Build.0 = Debug|Any CPU
		{493761CB-5190-4283-8C6C-A8CEB5450CAB}.Debug|x86.ActiveCfg = Debug|Any CPU
		{493761CB-5190-4283-8C6C-A8CEB5450CAB}.Debug|x86.Build.0 = Debug|Any CPU
		{493761CB-5190-4283-8C6C-A8CEB5450CAB}.Release|Any CPU.ActiveCfg = Debug|Any CPU
		{493761CB-5190-4283-8C6C-A8CEB5450CAB}.Release|Any CPU.Build.0 = Debug|Any CPU
		{493761CB-5190-4283-8C6C-A8CEB5450CAB}.Release|Mixed Platforms.ActiveCfg = Debug|Any CPU
		{493761CB-5190-4283-8C6C-A8CEB5450CAB}.Release|Mixed Platforms.Build.0 = Debug|Any CPU
		{493761CB-5190-4283-8C6C-A8CEB5450CAB}.Release|x86.ActiveCfg = Debug|Any CPU
		{493761CB-5190-4283-8C6C-A8CEB5450CAB}.Release|x86.Build.0 = Debug|Any CPU
		{C87B6EED-8305-4458-861E-CB91E906C1A9}.Debug|Any CPU.ActiveCfg = Debug|Any CPU
		{C87B6EED-8305-4458-861E-CB91E906C1A9}.Debug|Any CPU.Build.0 = Debug|Any CPU
		{C87B6EED-8305-4458-861E-CB91E906C1A9}.Debug|Mixed Platforms.ActiveCfg = Debug|Any CPU
		{C87B6EED-8305-4458-861E-CB91E906C1A9}.Debug|Mixed Platforms.Build.0 = Debug|Any CPU
		{C87B6EED-8305-4458-861E-CB91E906C1A9}.Debug|x86.ActiveCfg = Debug|Any CPU
		{C87B6EED-8305-4458-861E-CB91E906C1A9}.Debug|x86.Build.0 = Debug|Any CPU
		{C87B6EED-8305-4458-861E-CB91E906C1A9}.Release|Any CPU.ActiveCfg = Release|Any CPU
		{C87B6EED-8305-4458-861E-CB91E906C1A9}.Release|Any CPU.Build.0 = Release|Any CPU
		{C87B6EED-8305-4458-861E-CB91E906C1A9}.Release|Mixed Platforms.ActiveCfg = Release|Any CPU
		{C87B6EED-8305-4458-861E-CB91E906C1A9}.Release|Mixed Platforms.Build.0 = Release|Any CPU
		{C87B6EED-8305-4458-861E-CB91E906C1A9}.Release|x86.ActiveCfg = Release|Any CPU
		{C87B6EED-8305-4458-861E-CB91E906C1A9}.Release|x86.Build.0 = Release|Any CPU
		{B6C4F12D-0840-4D91-82C6-78FB75704855}.Debug|Any CPU.ActiveCfg = Debug|Any CPU
		{B6C4F12D-0840-4D91-82C6-78FB75704855}.Debug|Any CPU.Build.0 = Debug|Any CPU
		{B6C4F12D-0840-4D91-82C6-78FB75704855}.Debug|Mixed Platforms.ActiveCfg = Debug|Any CPU
		{B6C4F12D-0840-4D91-82C6-78FB75704855}.Debug|Mixed Platforms.Build.0 = Debug|Any CPU
		{B6C4F12D-0840-4D91-82C6-78FB75704855}.Debug|x86.ActiveCfg = Debug|Any CPU
		{B6C4F12D-0840-4D91-82C6-78FB75704855}.Debug|x86.Build.0 = Debug|Any CPU
		{B6C4F12D-0840-4D91-82C6-78FB75704855}.Release|Any CPU.ActiveCfg = Debug|Any CPU
		{B6C4F12D-0840-4D91-82C6-78FB75704855}.Release|Any CPU.Build.0 = Debug|Any CPU
		{B6C4F12D-0840-4D91-82C6-78FB75704855}.Release|Mixed Platforms.ActiveCfg = Debug|Any CPU
		{B6C4F12D-0840-4D91-82C6-78FB75704855}.Release|Mixed Platforms.Build.0 = Debug|Any CPU
		{B6C4F12D-0840-4D91-82C6-78FB75704855}.Release|x86.ActiveCfg = Debug|Any CPU
		{B6C4F12D-0840-4D91-82C6-78FB75704855}.Release|x86.Build.0 = Debug|Any CPU
		{18CD2024-8BCA-4745-84D4-92B95B5801AA}.Debug|Any CPU.ActiveCfg = Debug|Any CPU
		{18CD2024-8BCA-4745-84D4-92B95B5801AA}.Debug|Any CPU.Build.0 = Debug|Any CPU
		{18CD2024-8BCA-4745-84D4-92B95B5801AA}.Debug|Mixed Platforms.ActiveCfg = Debug|Any CPU
		{18CD2024-8BCA-4745-84D4-92B95B5801AA}.Debug|Mixed Platforms.Build.0 = Debug|Any CPU
		{18CD2024-8BCA-4745-84D4-92B95B5801AA}.Debug|x86.ActiveCfg = Debug|Any CPU
		{18CD2024-8BCA-4745-84D4-92B95B5801AA}.Debug|x86.Build.0 = Debug|Any CPU
		{18CD2024-8BCA-4745-84D4-92B95B5801AA}.Release|Any CPU.ActiveCfg = Release|Any CPU
		{18CD2024-8BCA-4745-84D4-92B95B5801AA}.Release|Any CPU.Build.0 = Release|Any CPU
		{18CD2024-8BCA-4745-84D4-92B95B5801AA}.Release|Mixed Platforms.ActiveCfg = Release|Any CPU
		{18CD2024-8BCA-4745-84D4-92B95B5801AA}.Release|Mixed Platforms.Build.0 = Release|Any CPU
		{18CD2024-8BCA-4745-84D4-92B95B5801AA}.Release|x86.ActiveCfg = Release|Any CPU
		{18CD2024-8BCA-4745-84D4-92B95B5801AA}.Release|x86.Build.0 = Release|Any CPU
		{646F9692-DD60-4ED5-8A03-145742E14B68}.Debug|Any CPU.ActiveCfg = Debug|Any CPU
		{646F9692-DD60-4ED5-8A03-145742E14B68}.Debug|Any CPU.Build.0 = Debug|Any CPU
		{646F9692-DD60-4ED5-8A03-145742E14B68}.Debug|Mixed Platforms.ActiveCfg = Debug|Any CPU
		{646F9692-DD60-4ED5-8A03-145742E14B68}.Debug|Mixed Platforms.Build.0 = Debug|Any CPU
		{646F9692-DD60-4ED5-8A03-145742E14B68}.Debug|x86.ActiveCfg = Debug|Any CPU
		{646F9692-DD60-4ED5-8A03-145742E14B68}.Debug|x86.Build.0 = Debug|Any CPU
		{646F9692-DD60-4ED5-8A03-145742E14B68}.Release|Any CPU.ActiveCfg = Debug|Any CPU
		{646F9692-DD60-4ED5-8A03-145742E14B68}.Release|Any CPU.Build.0 = Debug|Any CPU
		{646F9692-DD60-4ED5-8A03-145742E14B68}.Release|Mixed Platforms.ActiveCfg = Debug|Any CPU
		{646F9692-DD60-4ED5-8A03-145742E14B68}.Release|Mixed Platforms.Build.0 = Debug|Any CPU
		{646F9692-DD60-4ED5-8A03-145742E14B68}.Release|x86.ActiveCfg = Debug|Any CPU
		{646F9692-DD60-4ED5-8A03-145742E14B68}.Release|x86.Build.0 = Debug|Any CPU
		{1A675491-2EED-4981-9B93-15766CAAFAFB}.Debug|Any CPU.ActiveCfg = Debug|Any CPU
		{1A675491-2EED-4981-9B93-15766CAAFAFB}.Debug|Any CPU.Build.0 = Debug|Any CPU
		{1A675491-2EED-4981-9B93-15766CAAFAFB}.Debug|Mixed Platforms.ActiveCfg = Debug|Any CPU
		{1A675491-2EED-4981-9B93-15766CAAFAFB}.Debug|Mixed Platforms.Build.0 = Debug|Any CPU
		{1A675491-2EED-4981-9B93-15766CAAFAFB}.Debug|x86.ActiveCfg = Debug|Any CPU
		{1A675491-2EED-4981-9B93-15766CAAFAFB}.Debug|x86.Build.0 = Debug|Any CPU
		{1A675491-2EED-4981-9B93-15766CAAFAFB}.Release|Any CPU.ActiveCfg = Release|Any CPU
		{1A675491-2EED-4981-9B93-15766CAAFAFB}.Release|Any CPU.Build.0 = Release|Any CPU
		{1A675491-2EED-4981-9B93-15766CAAFAFB}.Release|Mixed Platforms.ActiveCfg = Release|Any CPU
		{1A675491-2EED-4981-9B93-15766CAAFAFB}.Release|Mixed Platforms.Build.0 = Release|Any CPU
		{1A675491-2EED-4981-9B93-15766CAAFAFB}.Release|x86.ActiveCfg = Release|Any CPU
		{1A675491-2EED-4981-9B93-15766CAAFAFB}.Release|x86.Build.0 = Release|Any CPU
		{7FFED01F-08CB-4B62-AEFD-F19240CEA23E}.Debug|Any CPU.ActiveCfg = Debug|Any CPU
		{7FFED01F-08CB-4B62-AEFD-F19240CEA23E}.Debug|Any CPU.Build.0 = Debug|Any CPU
		{7FFED01F-08CB-4B62-AEFD-F19240CEA23E}.Debug|Mixed Platforms.ActiveCfg = Debug|Any CPU
		{7FFED01F-08CB-4B62-AEFD-F19240CEA23E}.Debug|Mixed Platforms.Build.0 = Debug|Any CPU
		{7FFED01F-08CB-4B62-AEFD-F19240CEA23E}.Debug|x86.ActiveCfg = Debug|Any CPU
		{7FFED01F-08CB-4B62-AEFD-F19240CEA23E}.Debug|x86.Build.0 = Debug|Any CPU
		{7FFED01F-08CB-4B62-AEFD-F19240CEA23E}.Release|Any CPU.ActiveCfg = Release|Any CPU
		{7FFED01F-08CB-4B62-AEFD-F19240CEA23E}.Release|Any CPU.Build.0 = Release|Any CPU
		{7FFED01F-08CB-4B62-AEFD-F19240CEA23E}.Release|Mixed Platforms.ActiveCfg = Release|Any CPU
		{7FFED01F-08CB-4B62-AEFD-F19240CEA23E}.Release|Mixed Platforms.Build.0 = Release|Any CPU
		{7FFED01F-08CB-4B62-AEFD-F19240CEA23E}.Release|x86.ActiveCfg = Release|Any CPU
		{7FFED01F-08CB-4B62-AEFD-F19240CEA23E}.Release|x86.Build.0 = Release|Any CPU
		{845CBC81-5E2B-4BA3-8291-9C35C3F75300}.Debug|Any CPU.ActiveCfg = Debug|Any CPU
		{845CBC81-5E2B-4BA3-8291-9C35C3F75300}.Debug|Any CPU.Build.0 = Debug|Any CPU
		{845CBC81-5E2B-4BA3-8291-9C35C3F75300}.Debug|Mixed Platforms.ActiveCfg = Debug|Any CPU
		{845CBC81-5E2B-4BA3-8291-9C35C3F75300}.Debug|Mixed Platforms.Build.0 = Debug|Any CPU
		{845CBC81-5E2B-4BA3-8291-9C35C3F75300}.Debug|x86.ActiveCfg = Debug|Any CPU
		{845CBC81-5E2B-4BA3-8291-9C35C3F75300}.Debug|x86.Build.0 = Debug|Any CPU
		{845CBC81-5E2B-4BA3-8291-9C35C3F75300}.Release|Any CPU.ActiveCfg = Release|Any CPU
		{845CBC81-5E2B-4BA3-8291-9C35C3F75300}.Release|Any CPU.Build.0 = Release|Any CPU
		{845CBC81-5E2B-4BA3-8291-9C35C3F75300}.Release|Mixed Platforms.ActiveCfg = Release|Any CPU
		{845CBC81-5E2B-4BA3-8291-9C35C3F75300}.Release|Mixed Platforms.Build.0 = Release|Any CPU
		{845CBC81-5E2B-4BA3-8291-9C35C3F75300}.Release|x86.ActiveCfg = Release|Any CPU
		{845CBC81-5E2B-4BA3-8291-9C35C3F75300}.Release|x86.Build.0 = Release|Any CPU
		{AA28E1B5-A2D0-4107-98FD-DDAA7F22FDEE}.Debug|Any CPU.ActiveCfg = Debug|Any CPU
		{AA28E1B5-A2D0-4107-98FD-DDAA7F22FDEE}.Debug|Any CPU.Build.0 = Debug|Any CPU
		{AA28E1B5-A2D0-4107-98FD-DDAA7F22FDEE}.Debug|Mixed Platforms.ActiveCfg = Debug|Any CPU
		{AA28E1B5-A2D0-4107-98FD-DDAA7F22FDEE}.Debug|Mixed Platforms.Build.0 = Debug|Any CPU
		{AA28E1B5-A2D0-4107-98FD-DDAA7F22FDEE}.Debug|x86.ActiveCfg = Debug|Any CPU
		{AA28E1B5-A2D0-4107-98FD-DDAA7F22FDEE}.Debug|x86.Build.0 = Debug|Any CPU
		{AA28E1B5-A2D0-4107-98FD-DDAA7F22FDEE}.Release|Any CPU.ActiveCfg = Release|Any CPU
		{AA28E1B5-A2D0-4107-98FD-DDAA7F22FDEE}.Release|Any CPU.Build.0 = Release|Any CPU
		{AA28E1B5-A2D0-4107-98FD-DDAA7F22FDEE}.Release|Mixed Platforms.ActiveCfg = Release|Any CPU
		{AA28E1B5-A2D0-4107-98FD-DDAA7F22FDEE}.Release|Mixed Platforms.Build.0 = Release|Any CPU
		{AA28E1B5-A2D0-4107-98FD-DDAA7F22FDEE}.Release|x86.ActiveCfg = Release|Any CPU
		{AA28E1B5-A2D0-4107-98FD-DDAA7F22FDEE}.Release|x86.Build.0 = Release|Any CPU
		{247D5380-3929-4C1A-8297-2B01AF9F2AF1}.Debug|Any CPU.ActiveCfg = Debug|Any CPU
		{247D5380-3929-4C1A-8297-2B01AF9F2AF1}.Debug|Any CPU.Build.0 = Debug|Any CPU
		{247D5380-3929-4C1A-8297-2B01AF9F2AF1}.Debug|Mixed Platforms.ActiveCfg = Debug|Any CPU
		{247D5380-3929-4C1A-8297-2B01AF9F2AF1}.Debug|Mixed Platforms.Build.0 = Debug|Any CPU
		{247D5380-3929-4C1A-8297-2B01AF9F2AF1}.Debug|x86.ActiveCfg = Debug|Any CPU
		{247D5380-3929-4C1A-8297-2B01AF9F2AF1}.Debug|x86.Build.0 = Debug|Any CPU
		{247D5380-3929-4C1A-8297-2B01AF9F2AF1}.Release|Any CPU.ActiveCfg = Release|Any CPU
		{247D5380-3929-4C1A-8297-2B01AF9F2AF1}.Release|Any CPU.Build.0 = Release|Any CPU
		{247D5380-3929-4C1A-8297-2B01AF9F2AF1}.Release|Mixed Platforms.ActiveCfg = Release|Any CPU
		{247D5380-3929-4C1A-8297-2B01AF9F2AF1}.Release|Mixed Platforms.Build.0 = Release|Any CPU
		{247D5380-3929-4C1A-8297-2B01AF9F2AF1}.Release|x86.ActiveCfg = Release|Any CPU
		{247D5380-3929-4C1A-8297-2B01AF9F2AF1}.Release|x86.Build.0 = Release|Any CPU
		{571BB932-A0EC-4E1B-A25F-88D114A12B87}.Debug|Any CPU.ActiveCfg = Debug|Any CPU
		{571BB932-A0EC-4E1B-A25F-88D114A12B87}.Debug|Any CPU.Build.0 = Debug|Any CPU
		{571BB932-A0EC-4E1B-A25F-88D114A12B87}.Debug|Mixed Platforms.ActiveCfg = Debug|Any CPU
		{571BB932-A0EC-4E1B-A25F-88D114A12B87}.Debug|Mixed Platforms.Build.0 = Debug|Any CPU
		{571BB932-A0EC-4E1B-A25F-88D114A12B87}.Debug|x86.ActiveCfg = Debug|Any CPU
		{571BB932-A0EC-4E1B-A25F-88D114A12B87}.Debug|x86.Build.0 = Debug|Any CPU
		{571BB932-A0EC-4E1B-A25F-88D114A12B87}.Release|Any CPU.ActiveCfg = Release|Any CPU
		{571BB932-A0EC-4E1B-A25F-88D114A12B87}.Release|Any CPU.Build.0 = Release|Any CPU
		{571BB932-A0EC-4E1B-A25F-88D114A12B87}.Release|Mixed Platforms.ActiveCfg = Release|Any CPU
		{571BB932-A0EC-4E1B-A25F-88D114A12B87}.Release|Mixed Platforms.Build.0 = Release|Any CPU
		{571BB932-A0EC-4E1B-A25F-88D114A12B87}.Release|x86.ActiveCfg = Release|Any CPU
		{571BB932-A0EC-4E1B-A25F-88D114A12B87}.Release|x86.Build.0 = Release|Any CPU
		{A5724D2A-9584-4FF5-9249-6C9489B4721B}.Debug|Any CPU.ActiveCfg = Debug|Any CPU
		{A5724D2A-9584-4FF5-9249-6C9489B4721B}.Debug|Any CPU.Build.0 = Debug|Any CPU
		{A5724D2A-9584-4FF5-9249-6C9489B4721B}.Debug|Mixed Platforms.ActiveCfg = Debug|Any CPU
		{A5724D2A-9584-4FF5-9249-6C9489B4721B}.Debug|Mixed Platforms.Build.0 = Debug|Any CPU
		{A5724D2A-9584-4FF5-9249-6C9489B4721B}.Debug|x86.ActiveCfg = Debug|Any CPU
		{A5724D2A-9584-4FF5-9249-6C9489B4721B}.Debug|x86.Build.0 = Debug|Any CPU
		{A5724D2A-9584-4FF5-9249-6C9489B4721B}.Release|Any CPU.ActiveCfg = Release|Any CPU
		{A5724D2A-9584-4FF5-9249-6C9489B4721B}.Release|Any CPU.Build.0 = Release|Any CPU
		{A5724D2A-9584-4FF5-9249-6C9489B4721B}.Release|Mixed Platforms.ActiveCfg = Release|Any CPU
		{A5724D2A-9584-4FF5-9249-6C9489B4721B}.Release|Mixed Platforms.Build.0 = Release|Any CPU
		{A5724D2A-9584-4FF5-9249-6C9489B4721B}.Release|x86.ActiveCfg = Release|Any CPU
		{A5724D2A-9584-4FF5-9249-6C9489B4721B}.Release|x86.Build.0 = Release|Any CPU
		{9ACDD625-E8AD-4C64-BB00-13426196193A}.Debug|Any CPU.ActiveCfg = Debug|Any CPU
		{9ACDD625-E8AD-4C64-BB00-13426196193A}.Debug|Any CPU.Build.0 = Debug|Any CPU
		{9ACDD625-E8AD-4C64-BB00-13426196193A}.Debug|Mixed Platforms.ActiveCfg = Debug|Any CPU
		{9ACDD625-E8AD-4C64-BB00-13426196193A}.Debug|Mixed Platforms.Build.0 = Debug|Any CPU
		{9ACDD625-E8AD-4C64-BB00-13426196193A}.Debug|x86.ActiveCfg = Debug|Any CPU
		{9ACDD625-E8AD-4C64-BB00-13426196193A}.Debug|x86.Build.0 = Debug|Any CPU
		{9ACDD625-E8AD-4C64-BB00-13426196193A}.Release|Any CPU.ActiveCfg = Release|Any CPU
		{9ACDD625-E8AD-4C64-BB00-13426196193A}.Release|Any CPU.Build.0 = Release|Any CPU
		{9ACDD625-E8AD-4C64-BB00-13426196193A}.Release|Mixed Platforms.ActiveCfg = Release|Any CPU
		{9ACDD625-E8AD-4C64-BB00-13426196193A}.Release|Mixed Platforms.Build.0 = Release|Any CPU
		{9ACDD625-E8AD-4C64-BB00-13426196193A}.Release|x86.ActiveCfg = Release|Any CPU
		{9ACDD625-E8AD-4C64-BB00-13426196193A}.Release|x86.Build.0 = Release|Any CPU
		{265B92AB-47F6-42AA-A45C-93A2EB3C7097}.Debug|Any CPU.ActiveCfg = Debug|Any CPU
		{265B92AB-47F6-42AA-A45C-93A2EB3C7097}.Debug|Any CPU.Build.0 = Debug|Any CPU
		{265B92AB-47F6-42AA-A45C-93A2EB3C7097}.Debug|Mixed Platforms.ActiveCfg = Debug|Any CPU
		{265B92AB-47F6-42AA-A45C-93A2EB3C7097}.Debug|Mixed Platforms.Build.0 = Debug|Any CPU
		{265B92AB-47F6-42AA-A45C-93A2EB3C7097}.Debug|x86.ActiveCfg = Debug|Any CPU
		{265B92AB-47F6-42AA-A45C-93A2EB3C7097}.Debug|x86.Build.0 = Debug|Any CPU
		{265B92AB-47F6-42AA-A45C-93A2EB3C7097}.Release|Any CPU.ActiveCfg = Debug|Any CPU
		{265B92AB-47F6-42AA-A45C-93A2EB3C7097}.Release|Any CPU.Build.0 = Debug|Any CPU
		{265B92AB-47F6-42AA-A45C-93A2EB3C7097}.Release|Mixed Platforms.ActiveCfg = Debug|Any CPU
		{265B92AB-47F6-42AA-A45C-93A2EB3C7097}.Release|Mixed Platforms.Build.0 = Debug|Any CPU
		{265B92AB-47F6-42AA-A45C-93A2EB3C7097}.Release|x86.ActiveCfg = Debug|Any CPU
		{265B92AB-47F6-42AA-A45C-93A2EB3C7097}.Release|x86.Build.0 = Debug|Any CPU
		{57A0E8E9-C44A-4E1B-B37D-760E94A1759F}.Debug|Any CPU.ActiveCfg = Debug|Any CPU
		{57A0E8E9-C44A-4E1B-B37D-760E94A1759F}.Debug|Any CPU.Build.0 = Debug|Any CPU
		{57A0E8E9-C44A-4E1B-B37D-760E94A1759F}.Debug|Mixed Platforms.ActiveCfg = Debug|Any CPU
		{57A0E8E9-C44A-4E1B-B37D-760E94A1759F}.Debug|Mixed Platforms.Build.0 = Debug|Any CPU
		{57A0E8E9-C44A-4E1B-B37D-760E94A1759F}.Debug|x86.ActiveCfg = Debug|Any CPU
		{57A0E8E9-C44A-4E1B-B37D-760E94A1759F}.Debug|x86.Build.0 = Debug|Any CPU
		{57A0E8E9-C44A-4E1B-B37D-760E94A1759F}.Release|Any CPU.ActiveCfg = Release|Any CPU
		{57A0E8E9-C44A-4E1B-B37D-760E94A1759F}.Release|Any CPU.Build.0 = Release|Any CPU
		{57A0E8E9-C44A-4E1B-B37D-760E94A1759F}.Release|Mixed Platforms.ActiveCfg = Release|Any CPU
		{57A0E8E9-C44A-4E1B-B37D-760E94A1759F}.Release|Mixed Platforms.Build.0 = Release|Any CPU
		{57A0E8E9-C44A-4E1B-B37D-760E94A1759F}.Release|x86.ActiveCfg = Release|Any CPU
		{57A0E8E9-C44A-4E1B-B37D-760E94A1759F}.Release|x86.Build.0 = Release|Any CPU
		{CB5C02DC-898A-49D2-BD60-BEB58F819AD0}.Debug|Any CPU.ActiveCfg = Debug|Any CPU
		{CB5C02DC-898A-49D2-BD60-BEB58F819AD0}.Debug|Any CPU.Build.0 = Debug|Any CPU
		{CB5C02DC-898A-49D2-BD60-BEB58F819AD0}.Debug|Mixed Platforms.ActiveCfg = Debug|Any CPU
		{CB5C02DC-898A-49D2-BD60-BEB58F819AD0}.Debug|Mixed Platforms.Build.0 = Debug|Any CPU
		{CB5C02DC-898A-49D2-BD60-BEB58F819AD0}.Debug|x86.ActiveCfg = Debug|Any CPU
		{CB5C02DC-898A-49D2-BD60-BEB58F819AD0}.Debug|x86.Build.0 = Debug|Any CPU
		{CB5C02DC-898A-49D2-BD60-BEB58F819AD0}.Release|Any CPU.ActiveCfg = Debug|Any CPU
		{CB5C02DC-898A-49D2-BD60-BEB58F819AD0}.Release|Any CPU.Build.0 = Debug|Any CPU
		{CB5C02DC-898A-49D2-BD60-BEB58F819AD0}.Release|Mixed Platforms.ActiveCfg = Debug|Any CPU
		{CB5C02DC-898A-49D2-BD60-BEB58F819AD0}.Release|Mixed Platforms.Build.0 = Debug|Any CPU
		{CB5C02DC-898A-49D2-BD60-BEB58F819AD0}.Release|x86.ActiveCfg = Debug|Any CPU
		{CB5C02DC-898A-49D2-BD60-BEB58F819AD0}.Release|x86.Build.0 = Debug|Any CPU
		{0B898F36-66FC-4682-A410-483FE50F88C3}.Debug|Any CPU.ActiveCfg = Debug|Any CPU
		{0B898F36-66FC-4682-A410-483FE50F88C3}.Debug|Any CPU.Build.0 = Debug|Any CPU
		{0B898F36-66FC-4682-A410-483FE50F88C3}.Debug|Mixed Platforms.ActiveCfg = Debug|Any CPU
		{0B898F36-66FC-4682-A410-483FE50F88C3}.Debug|Mixed Platforms.Build.0 = Debug|Any CPU
		{0B898F36-66FC-4682-A410-483FE50F88C3}.Debug|x86.ActiveCfg = Debug|Any CPU
		{0B898F36-66FC-4682-A410-483FE50F88C3}.Debug|x86.Build.0 = Debug|Any CPU
		{0B898F36-66FC-4682-A410-483FE50F88C3}.Release|Any CPU.ActiveCfg = Release|Any CPU
		{0B898F36-66FC-4682-A410-483FE50F88C3}.Release|Any CPU.Build.0 = Release|Any CPU
		{0B898F36-66FC-4682-A410-483FE50F88C3}.Release|Mixed Platforms.ActiveCfg = Release|Any CPU
		{0B898F36-66FC-4682-A410-483FE50F88C3}.Release|Mixed Platforms.Build.0 = Release|Any CPU
		{0B898F36-66FC-4682-A410-483FE50F88C3}.Release|x86.ActiveCfg = Release|Any CPU
		{0B898F36-66FC-4682-A410-483FE50F88C3}.Release|x86.Build.0 = Release|Any CPU
		{FA0CC365-4E87-4C3F-A951-2ED1A3F176BC}.Debug|Any CPU.ActiveCfg = Debug|Any CPU
		{FA0CC365-4E87-4C3F-A951-2ED1A3F176BC}.Debug|Any CPU.Build.0 = Debug|Any CPU
		{FA0CC365-4E87-4C3F-A951-2ED1A3F176BC}.Debug|Mixed Platforms.ActiveCfg = Debug|Any CPU
		{FA0CC365-4E87-4C3F-A951-2ED1A3F176BC}.Debug|Mixed Platforms.Build.0 = Debug|Any CPU
		{FA0CC365-4E87-4C3F-A951-2ED1A3F176BC}.Debug|x86.ActiveCfg = Debug|Any CPU
		{FA0CC365-4E87-4C3F-A951-2ED1A3F176BC}.Debug|x86.Build.0 = Debug|Any CPU
		{FA0CC365-4E87-4C3F-A951-2ED1A3F176BC}.Release|Any CPU.ActiveCfg = Release|Any CPU
		{FA0CC365-4E87-4C3F-A951-2ED1A3F176BC}.Release|Any CPU.Build.0 = Release|Any CPU
		{FA0CC365-4E87-4C3F-A951-2ED1A3F176BC}.Release|Mixed Platforms.ActiveCfg = Release|Any CPU
		{FA0CC365-4E87-4C3F-A951-2ED1A3F176BC}.Release|Mixed Platforms.Build.0 = Release|Any CPU
		{FA0CC365-4E87-4C3F-A951-2ED1A3F176BC}.Release|x86.ActiveCfg = Release|Any CPU
		{FA0CC365-4E87-4C3F-A951-2ED1A3F176BC}.Release|x86.Build.0 = Release|Any CPU
		{D2CEE27D-6742-475A-9943-72FE1658F9CF}.Debug|Any CPU.ActiveCfg = Debug|Any CPU
		{D2CEE27D-6742-475A-9943-72FE1658F9CF}.Debug|Any CPU.Build.0 = Debug|Any CPU
		{D2CEE27D-6742-475A-9943-72FE1658F9CF}.Debug|Mixed Platforms.ActiveCfg = Debug|Any CPU
		{D2CEE27D-6742-475A-9943-72FE1658F9CF}.Debug|Mixed Platforms.Build.0 = Debug|Any CPU
		{D2CEE27D-6742-475A-9943-72FE1658F9CF}.Debug|x86.ActiveCfg = Debug|Any CPU
		{D2CEE27D-6742-475A-9943-72FE1658F9CF}.Debug|x86.Build.0 = Debug|Any CPU
		{D2CEE27D-6742-475A-9943-72FE1658F9CF}.Release|Any CPU.ActiveCfg = Release|Any CPU
		{D2CEE27D-6742-475A-9943-72FE1658F9CF}.Release|Any CPU.Build.0 = Release|Any CPU
		{D2CEE27D-6742-475A-9943-72FE1658F9CF}.Release|Mixed Platforms.ActiveCfg = Release|Any CPU
		{D2CEE27D-6742-475A-9943-72FE1658F9CF}.Release|Mixed Platforms.Build.0 = Release|Any CPU
		{D2CEE27D-6742-475A-9943-72FE1658F9CF}.Release|x86.ActiveCfg = Release|Any CPU
		{D2CEE27D-6742-475A-9943-72FE1658F9CF}.Release|x86.Build.0 = Release|Any CPU
		{6E0CAFF2-E907-4986-BDAC-265E1D84CCBB}.Debug|Any CPU.ActiveCfg = Debug|Any CPU
		{6E0CAFF2-E907-4986-BDAC-265E1D84CCBB}.Debug|Any CPU.Build.0 = Debug|Any CPU
		{6E0CAFF2-E907-4986-BDAC-265E1D84CCBB}.Debug|Mixed Platforms.ActiveCfg = Debug|Any CPU
		{6E0CAFF2-E907-4986-BDAC-265E1D84CCBB}.Debug|Mixed Platforms.Build.0 = Debug|Any CPU
		{6E0CAFF2-E907-4986-BDAC-265E1D84CCBB}.Debug|x86.ActiveCfg = Debug|Any CPU
		{6E0CAFF2-E907-4986-BDAC-265E1D84CCBB}.Debug|x86.Build.0 = Debug|Any CPU
		{6E0CAFF2-E907-4986-BDAC-265E1D84CCBB}.Release|Any CPU.ActiveCfg = Release|Any CPU
		{6E0CAFF2-E907-4986-BDAC-265E1D84CCBB}.Release|Any CPU.Build.0 = Release|Any CPU
		{6E0CAFF2-E907-4986-BDAC-265E1D84CCBB}.Release|Mixed Platforms.ActiveCfg = Release|Any CPU
		{6E0CAFF2-E907-4986-BDAC-265E1D84CCBB}.Release|Mixed Platforms.Build.0 = Release|Any CPU
		{6E0CAFF2-E907-4986-BDAC-265E1D84CCBB}.Release|x86.ActiveCfg = Release|Any CPU
		{6E0CAFF2-E907-4986-BDAC-265E1D84CCBB}.Release|x86.Build.0 = Release|Any CPU
		{90A82A09-F051-458C-9C41-DBC9FCF76F7B}.Debug|Any CPU.ActiveCfg = Debug|Any CPU
		{90A82A09-F051-458C-9C41-DBC9FCF76F7B}.Debug|Any CPU.Build.0 = Debug|Any CPU
		{90A82A09-F051-458C-9C41-DBC9FCF76F7B}.Debug|Mixed Platforms.ActiveCfg = Debug|Any CPU
		{90A82A09-F051-458C-9C41-DBC9FCF76F7B}.Debug|Mixed Platforms.Build.0 = Debug|Any CPU
		{90A82A09-F051-458C-9C41-DBC9FCF76F7B}.Debug|x86.ActiveCfg = Debug|Any CPU
		{90A82A09-F051-458C-9C41-DBC9FCF76F7B}.Debug|x86.Build.0 = Debug|Any CPU
		{90A82A09-F051-458C-9C41-DBC9FCF76F7B}.Release|Any CPU.ActiveCfg = Release|Any CPU
		{90A82A09-F051-458C-9C41-DBC9FCF76F7B}.Release|Any CPU.Build.0 = Release|Any CPU
		{90A82A09-F051-458C-9C41-DBC9FCF76F7B}.Release|Mixed Platforms.ActiveCfg = Release|Any CPU
		{90A82A09-F051-458C-9C41-DBC9FCF76F7B}.Release|Mixed Platforms.Build.0 = Release|Any CPU
		{90A82A09-F051-458C-9C41-DBC9FCF76F7B}.Release|x86.ActiveCfg = Release|Any CPU
		{90A82A09-F051-458C-9C41-DBC9FCF76F7B}.Release|x86.Build.0 = Release|Any CPU
		{B7AE1FDE-C114-4E85-B7E1-1B796D072648}.Debug|Any CPU.ActiveCfg = Debug|Any CPU
		{B7AE1FDE-C114-4E85-B7E1-1B796D072648}.Debug|Any CPU.Build.0 = Debug|Any CPU
		{B7AE1FDE-C114-4E85-B7E1-1B796D072648}.Debug|Mixed Platforms.ActiveCfg = Debug|Any CPU
		{B7AE1FDE-C114-4E85-B7E1-1B796D072648}.Debug|Mixed Platforms.Build.0 = Debug|Any CPU
		{B7AE1FDE-C114-4E85-B7E1-1B796D072648}.Debug|x86.ActiveCfg = Debug|Any CPU
		{B7AE1FDE-C114-4E85-B7E1-1B796D072648}.Debug|x86.Build.0 = Debug|Any CPU
		{B7AE1FDE-C114-4E85-B7E1-1B796D072648}.Release|Any CPU.ActiveCfg = Release|Any CPU
		{B7AE1FDE-C114-4E85-B7E1-1B796D072648}.Release|Any CPU.Build.0 = Release|Any CPU
		{B7AE1FDE-C114-4E85-B7E1-1B796D072648}.Release|Mixed Platforms.ActiveCfg = Release|Any CPU
		{B7AE1FDE-C114-4E85-B7E1-1B796D072648}.Release|Mixed Platforms.Build.0 = Release|Any CPU
		{B7AE1FDE-C114-4E85-B7E1-1B796D072648}.Release|x86.ActiveCfg = Release|Any CPU
		{B7AE1FDE-C114-4E85-B7E1-1B796D072648}.Release|x86.Build.0 = Release|Any CPU
		{DB9BD7B6-254B-4BF6-9548-288596E45C25}.Debug|Any CPU.ActiveCfg = Debug|Any CPU
		{DB9BD7B6-254B-4BF6-9548-288596E45C25}.Debug|Any CPU.Build.0 = Debug|Any CPU
		{DB9BD7B6-254B-4BF6-9548-288596E45C25}.Debug|Mixed Platforms.ActiveCfg = Debug|Any CPU
		{DB9BD7B6-254B-4BF6-9548-288596E45C25}.Debug|Mixed Platforms.Build.0 = Debug|Any CPU
		{DB9BD7B6-254B-4BF6-9548-288596E45C25}.Debug|x86.ActiveCfg = Debug|Any CPU
		{DB9BD7B6-254B-4BF6-9548-288596E45C25}.Debug|x86.Build.0 = Debug|Any CPU
		{DB9BD7B6-254B-4BF6-9548-288596E45C25}.Release|Any CPU.ActiveCfg = Release|Any CPU
		{DB9BD7B6-254B-4BF6-9548-288596E45C25}.Release|Any CPU.Build.0 = Release|Any CPU
		{DB9BD7B6-254B-4BF6-9548-288596E45C25}.Release|Mixed Platforms.ActiveCfg = Release|Any CPU
		{DB9BD7B6-254B-4BF6-9548-288596E45C25}.Release|Mixed Platforms.Build.0 = Release|Any CPU
		{DB9BD7B6-254B-4BF6-9548-288596E45C25}.Release|x86.ActiveCfg = Release|Any CPU
		{DB9BD7B6-254B-4BF6-9548-288596E45C25}.Release|x86.Build.0 = Release|Any CPU
		{016DFDDB-6A34-4A71-B45D-A11D9C132063}.Debug|Any CPU.ActiveCfg = Debug|Any CPU
		{016DFDDB-6A34-4A71-B45D-A11D9C132063}.Debug|Any CPU.Build.0 = Debug|Any CPU
		{016DFDDB-6A34-4A71-B45D-A11D9C132063}.Debug|Mixed Platforms.ActiveCfg = Debug|Any CPU
		{016DFDDB-6A34-4A71-B45D-A11D9C132063}.Debug|Mixed Platforms.Build.0 = Debug|Any CPU
		{016DFDDB-6A34-4A71-B45D-A11D9C132063}.Debug|x86.ActiveCfg = Debug|Any CPU
		{016DFDDB-6A34-4A71-B45D-A11D9C132063}.Debug|x86.Build.0 = Debug|Any CPU
		{016DFDDB-6A34-4A71-B45D-A11D9C132063}.Release|Any CPU.ActiveCfg = Release|Any CPU
		{016DFDDB-6A34-4A71-B45D-A11D9C132063}.Release|Any CPU.Build.0 = Release|Any CPU
		{016DFDDB-6A34-4A71-B45D-A11D9C132063}.Release|Mixed Platforms.ActiveCfg = Release|Any CPU
		{016DFDDB-6A34-4A71-B45D-A11D9C132063}.Release|Mixed Platforms.Build.0 = Release|Any CPU
		{016DFDDB-6A34-4A71-B45D-A11D9C132063}.Release|x86.ActiveCfg = Release|Any CPU
		{016DFDDB-6A34-4A71-B45D-A11D9C132063}.Release|x86.Build.0 = Release|Any CPU
		{DFB7C019-271E-4136-A22A-2F2156716144}.Debug|Any CPU.ActiveCfg = Debug|Any CPU
		{DFB7C019-271E-4136-A22A-2F2156716144}.Debug|Any CPU.Build.0 = Debug|Any CPU
		{DFB7C019-271E-4136-A22A-2F2156716144}.Debug|Mixed Platforms.ActiveCfg = Debug|Any CPU
		{DFB7C019-271E-4136-A22A-2F2156716144}.Debug|Mixed Platforms.Build.0 = Debug|Any CPU
		{DFB7C019-271E-4136-A22A-2F2156716144}.Debug|x86.ActiveCfg = Debug|Any CPU
		{DFB7C019-271E-4136-A22A-2F2156716144}.Debug|x86.Build.0 = Debug|Any CPU
		{DFB7C019-271E-4136-A22A-2F2156716144}.Release|Any CPU.ActiveCfg = Release|Any CPU
		{DFB7C019-271E-4136-A22A-2F2156716144}.Release|Any CPU.Build.0 = Release|Any CPU
		{DFB7C019-271E-4136-A22A-2F2156716144}.Release|Mixed Platforms.ActiveCfg = Release|Any CPU
		{DFB7C019-271E-4136-A22A-2F2156716144}.Release|Mixed Platforms.Build.0 = Release|Any CPU
		{DFB7C019-271E-4136-A22A-2F2156716144}.Release|x86.ActiveCfg = Release|Any CPU
		{DFB7C019-271E-4136-A22A-2F2156716144}.Release|x86.Build.0 = Release|Any CPU
		{6203D481-A8A5-4B77-8D29-CD56C9CB99D8}.Debug|Any CPU.ActiveCfg = Debug|Any CPU
		{6203D481-A8A5-4B77-8D29-CD56C9CB99D8}.Debug|Any CPU.Build.0 = Debug|Any CPU
		{6203D481-A8A5-4B77-8D29-CD56C9CB99D8}.Debug|Mixed Platforms.ActiveCfg = Debug|Any CPU
		{6203D481-A8A5-4B77-8D29-CD56C9CB99D8}.Debug|Mixed Platforms.Build.0 = Debug|Any CPU
		{6203D481-A8A5-4B77-8D29-CD56C9CB99D8}.Debug|x86.ActiveCfg = Debug|Any CPU
		{6203D481-A8A5-4B77-8D29-CD56C9CB99D8}.Debug|x86.Build.0 = Debug|Any CPU
		{6203D481-A8A5-4B77-8D29-CD56C9CB99D8}.Release|Any CPU.ActiveCfg = Release|Any CPU
		{6203D481-A8A5-4B77-8D29-CD56C9CB99D8}.Release|Any CPU.Build.0 = Release|Any CPU
		{6203D481-A8A5-4B77-8D29-CD56C9CB99D8}.Release|Mixed Platforms.ActiveCfg = Release|Any CPU
		{6203D481-A8A5-4B77-8D29-CD56C9CB99D8}.Release|Mixed Platforms.Build.0 = Release|Any CPU
		{6203D481-A8A5-4B77-8D29-CD56C9CB99D8}.Release|x86.ActiveCfg = Release|Any CPU
		{6203D481-A8A5-4B77-8D29-CD56C9CB99D8}.Release|x86.Build.0 = Release|Any CPU
		{3F921DB7-1CE4-48FB-BAC7-1AEB54EDCB69}.Debug|Any CPU.ActiveCfg = Debug|Any CPU
		{3F921DB7-1CE4-48FB-BAC7-1AEB54EDCB69}.Debug|Any CPU.Build.0 = Debug|Any CPU
		{3F921DB7-1CE4-48FB-BAC7-1AEB54EDCB69}.Debug|Mixed Platforms.ActiveCfg = Debug|Any CPU
		{3F921DB7-1CE4-48FB-BAC7-1AEB54EDCB69}.Debug|Mixed Platforms.Build.0 = Debug|Any CPU
		{3F921DB7-1CE4-48FB-BAC7-1AEB54EDCB69}.Debug|x86.ActiveCfg = Debug|Any CPU
		{3F921DB7-1CE4-48FB-BAC7-1AEB54EDCB69}.Debug|x86.Build.0 = Debug|Any CPU
		{3F921DB7-1CE4-48FB-BAC7-1AEB54EDCB69}.Release|Any CPU.ActiveCfg = Release|Any CPU
		{3F921DB7-1CE4-48FB-BAC7-1AEB54EDCB69}.Release|Any CPU.Build.0 = Release|Any CPU
		{3F921DB7-1CE4-48FB-BAC7-1AEB54EDCB69}.Release|Mixed Platforms.ActiveCfg = Release|Any CPU
		{3F921DB7-1CE4-48FB-BAC7-1AEB54EDCB69}.Release|Mixed Platforms.Build.0 = Release|Any CPU
		{3F921DB7-1CE4-48FB-BAC7-1AEB54EDCB69}.Release|x86.ActiveCfg = Release|Any CPU
		{3F921DB7-1CE4-48FB-BAC7-1AEB54EDCB69}.Release|x86.Build.0 = Release|Any CPU
	EndGlobalSection
	GlobalSection(SolutionProperties) = preSolution
		HideSolutionNode = FALSE
	EndGlobalSection
	GlobalSection(NestedProjects) = preSolution
		{4F1F649C-1020-45BE-A487-F416D9297FF3} = {B09156FB-8291-46A2-AF37-67CE97CFB5A6}
		{6BDA8332-939F-45B7-A25E-7A797260AE59} = {E4ACA93B-D3DE-4557-B069-F1DB42925A4B}
		{CCD7F2C9-6A2C-4CF0-8E89-076B8FC0F144} = {E4ACA93B-D3DE-4557-B069-F1DB42925A4B}
		{210541AD-F659-47DA-8763-16F36C5CD2F4} = {E4ACA93B-D3DE-4557-B069-F1DB42925A4B}
		{5DCBE5B1-1A02-48E7-9853-5FCEF2A36805} = {A340B280-C12B-47E7-90B7-89C650F8AAFC}
		{7A9BDC6A-F880-43D5-9B2A-59C1674CE449} = {A340B280-C12B-47E7-90B7-89C650F8AAFC}
		{1D9EB579-3630-468A-BE94-49E7DF4F6E1D} = {A340B280-C12B-47E7-90B7-89C650F8AAFC}
		{57718244-1B22-4637-9DBF-F5D8E460FC95} = {A340B280-C12B-47E7-90B7-89C650F8AAFC}
		{75FD4163-333C-4DD5-854D-2EF294E45D94} = {B09156FB-8291-46A2-AF37-67CE97CFB5A6}
		{9CE8D2CE-0214-41E5-95FC-2E04BD25B052} = {7881B112-7843-4542-B1F7-F99553FB9BB7}
		{493761CB-5190-4283-8C6C-A8CEB5450CAB} = {7881B112-7843-4542-B1F7-F99553FB9BB7}
		{C87B6EED-8305-4458-861E-CB91E906C1A9} = {7881B112-7843-4542-B1F7-F99553FB9BB7}
		{B6C4F12D-0840-4D91-82C6-78FB75704855} = {7881B112-7843-4542-B1F7-F99553FB9BB7}
		{18CD2024-8BCA-4745-84D4-92B95B5801AA} = {7881B112-7843-4542-B1F7-F99553FB9BB7}
		{646F9692-DD60-4ED5-8A03-145742E14B68} = {7881B112-7843-4542-B1F7-F99553FB9BB7}
		{1A675491-2EED-4981-9B93-15766CAAFAFB} = {7881B112-7843-4542-B1F7-F99553FB9BB7}
		{7FFED01F-08CB-4B62-AEFD-F19240CEA23E} = {7881B112-7843-4542-B1F7-F99553FB9BB7}
		{845CBC81-5E2B-4BA3-8291-9C35C3F75300} = {7881B112-7843-4542-B1F7-F99553FB9BB7}
		{AA28E1B5-A2D0-4107-98FD-DDAA7F22FDEE} = {7881B112-7843-4542-B1F7-F99553FB9BB7}
		{247D5380-3929-4C1A-8297-2B01AF9F2AF1} = {7881B112-7843-4542-B1F7-F99553FB9BB7}
		{571BB932-A0EC-4E1B-A25F-88D114A12B87} = {7881B112-7843-4542-B1F7-F99553FB9BB7}
		{A5724D2A-9584-4FF5-9249-6C9489B4721B} = {7881B112-7843-4542-B1F7-F99553FB9BB7}
		{9ACDD625-E8AD-4C64-BB00-13426196193A} = {7881B112-7843-4542-B1F7-F99553FB9BB7}
		{265B92AB-47F6-42AA-A45C-93A2EB3C7097} = {7881B112-7843-4542-B1F7-F99553FB9BB7}
		{57A0E8E9-C44A-4E1B-B37D-760E94A1759F} = {7881B112-7843-4542-B1F7-F99553FB9BB7}
		{CB5C02DC-898A-49D2-BD60-BEB58F819AD0} = {7881B112-7843-4542-B1F7-F99553FB9BB7}
		{0B898F36-66FC-4682-A410-483FE50F88C3} = {7881B112-7843-4542-B1F7-F99553FB9BB7}
		{FA0CC365-4E87-4C3F-A951-2ED1A3F176BC} = {7881B112-7843-4542-B1F7-F99553FB9BB7}
		{D2CEE27D-6742-475A-9943-72FE1658F9CF} = {7881B112-7843-4542-B1F7-F99553FB9BB7}
		{6E0CAFF2-E907-4986-BDAC-265E1D84CCBB} = {7881B112-7843-4542-B1F7-F99553FB9BB7}
		{90A82A09-F051-458C-9C41-DBC9FCF76F7B} = {7881B112-7843-4542-B1F7-F99553FB9BB7}
		{B7AE1FDE-C114-4E85-B7E1-1B796D072648} = {7881B112-7843-4542-B1F7-F99553FB9BB7}
		{DB9BD7B6-254B-4BF6-9548-288596E45C25} = {7881B112-7843-4542-B1F7-F99553FB9BB7}
		{016DFDDB-6A34-4A71-B45D-A11D9C132063} = {7881B112-7843-4542-B1F7-F99553FB9BB7}
		{DFB7C019-271E-4136-A22A-2F2156716144} = {7881B112-7843-4542-B1F7-F99553FB9BB7}
		{6203D481-A8A5-4B77-8D29-CD56C9CB99D8} = {A340B280-C12B-47E7-90B7-89C650F8AAFC}
		{3F921DB7-1CE4-48FB-BAC7-1AEB54EDCB69} = {A340B280-C12B-47E7-90B7-89C650F8AAFC}
	EndGlobalSection
	GlobalSection(ExtensibilityGlobals) = postSolution
		SolutionGuid = {EE72A8B2-332A-4175-9319-6726D36E9D25}
	EndGlobalSection
	GlobalSection(NDepend) = preSolution
		Project = ".\NopCommerce.ndproj"
	EndGlobalSection
EndGlobal
