
Microsoft Visual Studio Solution File, Format Version 12.00
# Visual Studio Version 16
VisualStudioVersion = 16.0.29519.181
MinimumVisualStudioVersion = 10.0.40219.1
Project("{2150E333-8FDC-42A3-9474-1A3956D46DE8}") = "Libraries", "Libraries", "{E4ACA93B-D3DE-4557-B069-F1DB42925A4B}"
EndProject
Project("{2150E333-8FDC-42A3-9474-1A3956D46DE8}") = "Presentation", "Presentation", "{B09156FB-8291-46A2-AF37-67CE97CFB5A6}"
EndProject
Project("{2150E333-8FDC-42A3-9474-1A3956D46DE8}") = "Plugins", "Plugins", "{7881B112-7843-4542-B1F7-F99553FB9BB7}"
EndProject
Project("{9A19103F-16F7-4668-BE54-9A1E7A4F7556}") = "Nop.Web", "Presentation\Nop.Web\Nop.Web.csproj", "{4F1F649C-1020-45BE-A487-F416D9297FF3}"
EndProject
Project("{9A19103F-16F7-4668-BE54-9A1E7A4F7556}") = "Nop.Core", "Libraries\Nop.Core\Nop.Core.csproj", "{6BDA8332-939F-45B7-A25E-7A797260AE59}"
EndProject
Project("{9A19103F-16F7-4668-BE54-9A1E7A4F7556}") = "Nop.Data", "Libraries\Nop.Data\Nop.Data.csproj", "{CCD7F2C9-6A2C-4CF0-8E89-076B8FC0F144}"
EndProject
Project("{9A19103F-16F7-4668-BE54-9A1E7A4F7556}") = "Nop.Services", "Libraries\Nop.Services\Nop.Services.csproj", "{210541AD-F659-47DA-8763-16F36C5CD2F4}"
EndProject
Project("{9A19103F-16F7-4668-BE54-9A1E7A4F7556}") = "Nop.Plugin.Payments.Manual", "Plugins\Nop.Plugin.Payments.Manual\Nop.Plugin.Payments.Manual.csproj", "{9A7B9344-6AD0-4828-876D-0BF14C177148}"
EndProject
Project("{9A19103F-16F7-4668-BE54-9A1E7A4F7556}") = "Nop.Web.Framework", "Presentation\Nop.Web.Framework\Nop.Web.Framework.csproj", "{75FD4163-333C-4DD5-854D-2EF294E45D94}"
EndProject
Project("{9A19103F-16F7-4668-BE54-9A1E7A4F7556}") = "Nop.Plugin.Widgets.GoogleAnalytics", "Plugins\Nop.Plugin.Widgets.GoogleAnalytics\Nop.Plugin.Widgets.GoogleAnalytics.csproj", "{C2B83AF5-80F6-4B8C-8628-FA7DE10C3BB5}"
EndProject
Project("{2150E333-8FDC-42A3-9474-1A3956D46DE8}") = "Tests", "Tests", "{E8FC6874-E230-468A-9685-4747354B92FF}"
EndProject
Project("{9A19103F-16F7-4668-BE54-9A1E7A4F7556}") = "Nop.Tests", "Tests\Nop.Tests\Nop.Tests.csproj", "{FD31C133-B4DE-4BB2-B327-1D0E2F2C95D4}"
EndProject
Project("{FAE04EC0-301F-11D3-BF4B-00C04F79EFBC}") = "Nop.Plugin.Misc.AbcCore", "Plugins\Nop.Plugin.Misc.AbcCore\Nop.Plugin.Misc.AbcCore.csproj", "{523FDDD1-021B-459E-B38D-F134A863F314}"
EndProject
Project("{FAE04EC0-301F-11D3-BF4B-00C04F79EFBC}") = "Nop.Plugin.Misc.AbcMattresses", "Plugins\Nop.Plugin.Misc.AbcMattresses\Nop.Plugin.Misc.AbcMattresses.csproj", "{3810EDF3-892D-4A00-B1C7-029760840AB5}"
EndProject
Project("{FAE04EC0-301F-11D3-BF4B-00C04F79EFBC}") = "Nop.Plugin.Misc.AbcSliExport", "Plugins\Nop.Plugin.Misc.AbcSliExport\Nop.Plugin.Misc.AbcSliExport.csproj", "{13FE80ED-3F4B-431F-8D32-7708F7A234C4}"
EndProject
Project("{FAE04EC0-301F-11D3-BF4B-00C04F79EFBC}") = "Nop.Plugin.Misc.AbcStatusApi", "Plugins\Nop.Plugin.Misc.AbcStatusApi\Nop.Plugin.Misc.AbcStatusApi.csproj", "{01EC1DA3-2B04-4B60-B206-0851183401AA}"
EndProject
Project("{FAE04EC0-301F-11D3-BF4B-00C04F79EFBC}") = "Nop.Plugin.Misc.AbcSync", "Plugins\Nop.Plugin.Misc.AbcSync\Nop.Plugin.Misc.AbcSync.csproj", "{30879757-3186-4D2F-893A-F9681B726A43}"
EndProject
Project("{FAE04EC0-301F-11D3-BF4B-00C04F79EFBC}") = "Nop.Plugin.Tax.AbcCountryStateZip", "Plugins\Nop.Plugin.Tax.AbcCountryStateZip\Nop.Plugin.Tax.AbcCountryStateZip.csproj", "{F8D05099-EBD3-4C71-9BE6-35220AD9819A}"
EndProject
Project("{FAE04EC0-301F-11D3-BF4B-00C04F79EFBC}") = "Nop.Plugin.Misc.AbcFrontend", "Plugins\Nop.Plugin.Misc.AbcFrontend\Nop.Plugin.Misc.AbcFrontend.csproj", "{3B3ED6E2-D767-473F-81ED-B212F7BEB522}"
EndProject
Project("{FAE04EC0-301F-11D3-BF4B-00C04F79EFBC}") = "Nop.Plugin.Misc.AbcExportOrder", "Plugins\Nop.Plugin.Misc.AbcExportOrder\Nop.Plugin.Misc.AbcExportOrder.csproj", "{22EA14CA-0545-4AAF-B1C3-59FBDCA44568}"
EndProject
Project("{FAE04EC0-301F-11D3-BF4B-00C04F79EFBC}") = "Nop.Plugin.Misc.AbcSiteOnTimeSync", "Plugins\Nop.Plugin.Misc.AbcSiteOnTimeSync\Nop.Plugin.Misc.AbcSiteOnTimeSync.csproj", "{6CF3C191-AC46-484C-99D7-CD77C4402149}"
EndProject
Project("{FAE04EC0-301F-11D3-BF4B-00C04F79EFBC}") = "Nop.Plugin.Misc.EnhancedLogging", "Plugins\Nop.Plugin.Misc.EnhancedLogging\Nop.Plugin.Misc.EnhancedLogging.csproj", "{DF021195-1FD6-4ECB-BC1A-7FB43D816ABA}"
EndProject
Project("{FAE04EC0-301F-11D3-BF4B-00C04F79EFBC}") = "Nop.Plugin.Misc.FreshAddressNewsletterIntegration", "Plugins\Nop.Plugin.Misc.FreshAddressNewsletterIntegration\Nop.Plugin.Misc.FreshAddressNewsletterIntegration.csproj", "{38374833-BE3A-4E8B-A6DB-DB3C7561D823}"
EndProject
Project("{FAE04EC0-301F-11D3-BF4B-00C04F79EFBC}") = "Nop.Plugin.Misc.SearchPageRedirect", "Plugins\Nop.Plugin.Misc.SearchPageRedirect\Nop.Plugin.Misc.SearchPageRedirect.csproj", "{CE28D06C-EFF2-4E1E-8CA8-25CEB0556EBA}"
EndProject
Project("{FAE04EC0-301F-11D3-BF4B-00C04F79EFBC}") = "Nop.Plugin.Payments.Synchrony", "Plugins\Nop.Plugin.Payments.Synchrony\Nop.Plugin.Payments.Synchrony.csproj", "{38F150FE-EBFB-497C-97D2-4CA8FD5EF096}"
EndProject
Global
	GlobalSection(SolutionConfigurationPlatforms) = preSolution
		Debug|Any CPU = Debug|Any CPU
		Debug|Mixed Platforms = Debug|Mixed Platforms
		Debug|x86 = Debug|x86
		Release|Any CPU = Release|Any CPU
		Release|Mixed Platforms = Release|Mixed Platforms
		Release|x86 = Release|x86
	EndGlobalSection
	GlobalSection(ProjectConfigurationPlatforms) = postSolution
		{4F1F649C-1020-45BE-A487-F416D9297FF3}.Debug|Any CPU.ActiveCfg = Debug|Any CPU
		{4F1F649C-1020-45BE-A487-F416D9297FF3}.Debug|Any CPU.Build.0 = Debug|Any CPU
		{4F1F649C-1020-45BE-A487-F416D9297FF3}.Debug|Mixed Platforms.ActiveCfg = Debug|Any CPU
		{4F1F649C-1020-45BE-A487-F416D9297FF3}.Debug|Mixed Platforms.Build.0 = Debug|Any CPU
		{4F1F649C-1020-45BE-A487-F416D9297FF3}.Debug|x86.ActiveCfg = Debug|Any CPU
		{4F1F649C-1020-45BE-A487-F416D9297FF3}.Release|Any CPU.ActiveCfg = Release|Any CPU
		{4F1F649C-1020-45BE-A487-F416D9297FF3}.Release|Any CPU.Build.0 = Release|Any CPU
		{4F1F649C-1020-45BE-A487-F416D9297FF3}.Release|Mixed Platforms.ActiveCfg = Release|Any CPU
		{4F1F649C-1020-45BE-A487-F416D9297FF3}.Release|Mixed Platforms.Build.0 = Release|Any CPU
		{4F1F649C-1020-45BE-A487-F416D9297FF3}.Release|x86.ActiveCfg = Release|Any CPU
		{6BDA8332-939F-45B7-A25E-7A797260AE59}.Debug|Any CPU.ActiveCfg = Debug|Any CPU
		{6BDA8332-939F-45B7-A25E-7A797260AE59}.Debug|Any CPU.Build.0 = Debug|Any CPU
		{6BDA8332-939F-45B7-A25E-7A797260AE59}.Debug|Mixed Platforms.ActiveCfg = Debug|Any CPU
		{6BDA8332-939F-45B7-A25E-7A797260AE59}.Debug|Mixed Platforms.Build.0 = Debug|Any CPU
		{6BDA8332-939F-45B7-A25E-7A797260AE59}.Debug|x86.ActiveCfg = Debug|Any CPU
		{6BDA8332-939F-45B7-A25E-7A797260AE59}.Release|Any CPU.ActiveCfg = Release|Any CPU
		{6BDA8332-939F-45B7-A25E-7A797260AE59}.Release|Any CPU.Build.0 = Release|Any CPU
		{6BDA8332-939F-45B7-A25E-7A797260AE59}.Release|Mixed Platforms.ActiveCfg = Release|Any CPU
		{6BDA8332-939F-45B7-A25E-7A797260AE59}.Release|Mixed Platforms.Build.0 = Release|Any CPU
		{6BDA8332-939F-45B7-A25E-7A797260AE59}.Release|x86.ActiveCfg = Release|Any CPU
		{CCD7F2C9-6A2C-4CF0-8E89-076B8FC0F144}.Debug|Any CPU.ActiveCfg = Debug|Any CPU
		{CCD7F2C9-6A2C-4CF0-8E89-076B8FC0F144}.Debug|Any CPU.Build.0 = Debug|Any CPU
		{CCD7F2C9-6A2C-4CF0-8E89-076B8FC0F144}.Debug|Mixed Platforms.ActiveCfg = Debug|Any CPU
		{CCD7F2C9-6A2C-4CF0-8E89-076B8FC0F144}.Debug|Mixed Platforms.Build.0 = Debug|Any CPU
		{CCD7F2C9-6A2C-4CF0-8E89-076B8FC0F144}.Debug|x86.ActiveCfg = Debug|Any CPU
		{CCD7F2C9-6A2C-4CF0-8E89-076B8FC0F144}.Release|Any CPU.ActiveCfg = Release|Any CPU
		{CCD7F2C9-6A2C-4CF0-8E89-076B8FC0F144}.Release|Any CPU.Build.0 = Release|Any CPU
		{CCD7F2C9-6A2C-4CF0-8E89-076B8FC0F144}.Release|Mixed Platforms.ActiveCfg = Release|Any CPU
		{CCD7F2C9-6A2C-4CF0-8E89-076B8FC0F144}.Release|Mixed Platforms.Build.0 = Release|Any CPU
		{CCD7F2C9-6A2C-4CF0-8E89-076B8FC0F144}.Release|x86.ActiveCfg = Release|Any CPU
		{210541AD-F659-47DA-8763-16F36C5CD2F4}.Debug|Any CPU.ActiveCfg = Debug|Any CPU
		{210541AD-F659-47DA-8763-16F36C5CD2F4}.Debug|Any CPU.Build.0 = Debug|Any CPU
		{210541AD-F659-47DA-8763-16F36C5CD2F4}.Debug|Mixed Platforms.ActiveCfg = Debug|Any CPU
		{210541AD-F659-47DA-8763-16F36C5CD2F4}.Debug|Mixed Platforms.Build.0 = Debug|Any CPU
		{210541AD-F659-47DA-8763-16F36C5CD2F4}.Debug|x86.ActiveCfg = Debug|Any CPU
		{210541AD-F659-47DA-8763-16F36C5CD2F4}.Release|Any CPU.ActiveCfg = Release|Any CPU
		{210541AD-F659-47DA-8763-16F36C5CD2F4}.Release|Any CPU.Build.0 = Release|Any CPU
		{210541AD-F659-47DA-8763-16F36C5CD2F4}.Release|Mixed Platforms.ActiveCfg = Release|Any CPU
		{210541AD-F659-47DA-8763-16F36C5CD2F4}.Release|Mixed Platforms.Build.0 = Release|Any CPU
		{210541AD-F659-47DA-8763-16F36C5CD2F4}.Release|x86.ActiveCfg = Release|Any CPU
		{9A7B9344-6AD0-4828-876D-0BF14C177148}.Debug|Any CPU.ActiveCfg = Debug|Any CPU
		{9A7B9344-6AD0-4828-876D-0BF14C177148}.Debug|Any CPU.Build.0 = Debug|Any CPU
		{9A7B9344-6AD0-4828-876D-0BF14C177148}.Debug|Mixed Platforms.ActiveCfg = Debug|Any CPU
		{9A7B9344-6AD0-4828-876D-0BF14C177148}.Debug|Mixed Platforms.Build.0 = Debug|Any CPU
		{9A7B9344-6AD0-4828-876D-0BF14C177148}.Debug|x86.ActiveCfg = Debug|Any CPU
		{9A7B9344-6AD0-4828-876D-0BF14C177148}.Release|Any CPU.ActiveCfg = Release|Any CPU
		{9A7B9344-6AD0-4828-876D-0BF14C177148}.Release|Any CPU.Build.0 = Release|Any CPU
		{9A7B9344-6AD0-4828-876D-0BF14C177148}.Release|Mixed Platforms.ActiveCfg = Release|Any CPU
		{9A7B9344-6AD0-4828-876D-0BF14C177148}.Release|Mixed Platforms.Build.0 = Release|Any CPU
		{9A7B9344-6AD0-4828-876D-0BF14C177148}.Release|x86.ActiveCfg = Release|Any CPU
		{75FD4163-333C-4DD5-854D-2EF294E45D94}.Debug|Any CPU.ActiveCfg = Debug|Any CPU
		{75FD4163-333C-4DD5-854D-2EF294E45D94}.Debug|Any CPU.Build.0 = Debug|Any CPU
		{75FD4163-333C-4DD5-854D-2EF294E45D94}.Debug|Mixed Platforms.ActiveCfg = Debug|Any CPU
		{75FD4163-333C-4DD5-854D-2EF294E45D94}.Debug|Mixed Platforms.Build.0 = Debug|Any CPU
		{75FD4163-333C-4DD5-854D-2EF294E45D94}.Debug|x86.ActiveCfg = Debug|Any CPU
		{75FD4163-333C-4DD5-854D-2EF294E45D94}.Release|Any CPU.ActiveCfg = Release|Any CPU
		{75FD4163-333C-4DD5-854D-2EF294E45D94}.Release|Any CPU.Build.0 = Release|Any CPU
		{75FD4163-333C-4DD5-854D-2EF294E45D94}.Release|Mixed Platforms.ActiveCfg = Release|Any CPU
		{75FD4163-333C-4DD5-854D-2EF294E45D94}.Release|Mixed Platforms.Build.0 = Release|Any CPU
		{75FD4163-333C-4DD5-854D-2EF294E45D94}.Release|x86.ActiveCfg = Release|Any CPU
		{C2B83AF5-80F6-4B8C-8628-FA7DE10C3BB5}.Debug|Any CPU.ActiveCfg = Debug|Any CPU
		{C2B83AF5-80F6-4B8C-8628-FA7DE10C3BB5}.Debug|Any CPU.Build.0 = Debug|Any CPU
		{C2B83AF5-80F6-4B8C-8628-FA7DE10C3BB5}.Debug|Mixed Platforms.ActiveCfg = Debug|Any CPU
		{C2B83AF5-80F6-4B8C-8628-FA7DE10C3BB5}.Debug|Mixed Platforms.Build.0 = Debug|Any CPU
		{C2B83AF5-80F6-4B8C-8628-FA7DE10C3BB5}.Debug|x86.ActiveCfg = Debug|Any CPU
		{C2B83AF5-80F6-4B8C-8628-FA7DE10C3BB5}.Release|Any CPU.ActiveCfg = Release|Any CPU
		{C2B83AF5-80F6-4B8C-8628-FA7DE10C3BB5}.Release|Any CPU.Build.0 = Release|Any CPU
		{C2B83AF5-80F6-4B8C-8628-FA7DE10C3BB5}.Release|Mixed Platforms.ActiveCfg = Release|Any CPU
		{C2B83AF5-80F6-4B8C-8628-FA7DE10C3BB5}.Release|Mixed Platforms.Build.0 = Release|Any CPU
		{C2B83AF5-80F6-4B8C-8628-FA7DE10C3BB5}.Release|x86.ActiveCfg = Release|Any CPU
		{FD31C133-B4DE-4BB2-B327-1D0E2F2C95D4}.Debug|Any CPU.ActiveCfg = Debug|Any CPU
		{FD31C133-B4DE-4BB2-B327-1D0E2F2C95D4}.Debug|Any CPU.Build.0 = Debug|Any CPU
		{FD31C133-B4DE-4BB2-B327-1D0E2F2C95D4}.Debug|Mixed Platforms.ActiveCfg = Debug|Any CPU
		{FD31C133-B4DE-4BB2-B327-1D0E2F2C95D4}.Debug|Mixed Platforms.Build.0 = Debug|Any CPU
		{FD31C133-B4DE-4BB2-B327-1D0E2F2C95D4}.Debug|x86.ActiveCfg = Debug|Any CPU
		{FD31C133-B4DE-4BB2-B327-1D0E2F2C95D4}.Debug|x86.Build.0 = Debug|Any CPU
		{FD31C133-B4DE-4BB2-B327-1D0E2F2C95D4}.Release|Any CPU.ActiveCfg = Release|Any CPU
		{FD31C133-B4DE-4BB2-B327-1D0E2F2C95D4}.Release|Any CPU.Build.0 = Release|Any CPU
		{FD31C133-B4DE-4BB2-B327-1D0E2F2C95D4}.Release|Mixed Platforms.ActiveCfg = Release|Any CPU
		{FD31C133-B4DE-4BB2-B327-1D0E2F2C95D4}.Release|Mixed Platforms.Build.0 = Release|Any CPU
		{FD31C133-B4DE-4BB2-B327-1D0E2F2C95D4}.Release|x86.ActiveCfg = Release|Any CPU
		{FD31C133-B4DE-4BB2-B327-1D0E2F2C95D4}.Release|x86.Build.0 = Release|Any CPU
		{523FDDD1-021B-459E-B38D-F134A863F314}.Debug|Any CPU.ActiveCfg = Debug|Any CPU
		{523FDDD1-021B-459E-B38D-F134A863F314}.Debug|Any CPU.Build.0 = Debug|Any CPU
		{523FDDD1-021B-459E-B38D-F134A863F314}.Debug|Mixed Platforms.ActiveCfg = Debug|Any CPU
		{523FDDD1-021B-459E-B38D-F134A863F314}.Debug|Mixed Platforms.Build.0 = Debug|Any CPU
		{523FDDD1-021B-459E-B38D-F134A863F314}.Debug|x86.ActiveCfg = Debug|Any CPU
		{523FDDD1-021B-459E-B38D-F134A863F314}.Debug|x86.Build.0 = Debug|Any CPU
		{523FDDD1-021B-459E-B38D-F134A863F314}.Release|Any CPU.ActiveCfg = Release|Any CPU
		{523FDDD1-021B-459E-B38D-F134A863F314}.Release|Any CPU.Build.0 = Release|Any CPU
		{523FDDD1-021B-459E-B38D-F134A863F314}.Release|Mixed Platforms.ActiveCfg = Release|Any CPU
		{523FDDD1-021B-459E-B38D-F134A863F314}.Release|Mixed Platforms.Build.0 = Release|Any CPU
		{523FDDD1-021B-459E-B38D-F134A863F314}.Release|x86.ActiveCfg = Release|Any CPU
		{523FDDD1-021B-459E-B38D-F134A863F314}.Release|x86.Build.0 = Release|Any CPU
		{3810EDF3-892D-4A00-B1C7-029760840AB5}.Debug|Any CPU.ActiveCfg = Debug|Any CPU
		{3810EDF3-892D-4A00-B1C7-029760840AB5}.Debug|Any CPU.Build.0 = Debug|Any CPU
		{3810EDF3-892D-4A00-B1C7-029760840AB5}.Debug|Mixed Platforms.ActiveCfg = Debug|Any CPU
		{3810EDF3-892D-4A00-B1C7-029760840AB5}.Debug|Mixed Platforms.Build.0 = Debug|Any CPU
		{3810EDF3-892D-4A00-B1C7-029760840AB5}.Debug|x86.ActiveCfg = Debug|Any CPU
		{3810EDF3-892D-4A00-B1C7-029760840AB5}.Debug|x86.Build.0 = Debug|Any CPU
		{3810EDF3-892D-4A00-B1C7-029760840AB5}.Release|Any CPU.ActiveCfg = Release|Any CPU
		{3810EDF3-892D-4A00-B1C7-029760840AB5}.Release|Any CPU.Build.0 = Release|Any CPU
		{3810EDF3-892D-4A00-B1C7-029760840AB5}.Release|Mixed Platforms.ActiveCfg = Release|Any CPU
		{3810EDF3-892D-4A00-B1C7-029760840AB5}.Release|Mixed Platforms.Build.0 = Release|Any CPU
		{3810EDF3-892D-4A00-B1C7-029760840AB5}.Release|x86.ActiveCfg = Release|Any CPU
		{3810EDF3-892D-4A00-B1C7-029760840AB5}.Release|x86.Build.0 = Release|Any CPU
		{13FE80ED-3F4B-431F-8D32-7708F7A234C4}.Debug|Any CPU.ActiveCfg = Debug|Any CPU
		{13FE80ED-3F4B-431F-8D32-7708F7A234C4}.Debug|Any CPU.Build.0 = Debug|Any CPU
		{13FE80ED-3F4B-431F-8D32-7708F7A234C4}.Debug|Mixed Platforms.ActiveCfg = Debug|Any CPU
		{13FE80ED-3F4B-431F-8D32-7708F7A234C4}.Debug|Mixed Platforms.Build.0 = Debug|Any CPU
		{13FE80ED-3F4B-431F-8D32-7708F7A234C4}.Debug|x86.ActiveCfg = Debug|Any CPU
		{13FE80ED-3F4B-431F-8D32-7708F7A234C4}.Debug|x86.Build.0 = Debug|Any CPU
		{13FE80ED-3F4B-431F-8D32-7708F7A234C4}.Release|Any CPU.ActiveCfg = Release|Any CPU
		{13FE80ED-3F4B-431F-8D32-7708F7A234C4}.Release|Any CPU.Build.0 = Release|Any CPU
		{13FE80ED-3F4B-431F-8D32-7708F7A234C4}.Release|Mixed Platforms.ActiveCfg = Release|Any CPU
		{13FE80ED-3F4B-431F-8D32-7708F7A234C4}.Release|Mixed Platforms.Build.0 = Release|Any CPU
		{13FE80ED-3F4B-431F-8D32-7708F7A234C4}.Release|x86.ActiveCfg = Release|Any CPU
		{13FE80ED-3F4B-431F-8D32-7708F7A234C4}.Release|x86.Build.0 = Release|Any CPU
		{01EC1DA3-2B04-4B60-B206-0851183401AA}.Debug|Any CPU.ActiveCfg = Debug|Any CPU
		{01EC1DA3-2B04-4B60-B206-0851183401AA}.Debug|Any CPU.Build.0 = Debug|Any CPU
		{01EC1DA3-2B04-4B60-B206-0851183401AA}.Debug|Mixed Platforms.ActiveCfg = Debug|Any CPU
		{01EC1DA3-2B04-4B60-B206-0851183401AA}.Debug|Mixed Platforms.Build.0 = Debug|Any CPU
		{01EC1DA3-2B04-4B60-B206-0851183401AA}.Debug|x86.ActiveCfg = Debug|Any CPU
		{01EC1DA3-2B04-4B60-B206-0851183401AA}.Debug|x86.Build.0 = Debug|Any CPU
		{01EC1DA3-2B04-4B60-B206-0851183401AA}.Release|Any CPU.ActiveCfg = Release|Any CPU
		{01EC1DA3-2B04-4B60-B206-0851183401AA}.Release|Any CPU.Build.0 = Release|Any CPU
		{01EC1DA3-2B04-4B60-B206-0851183401AA}.Release|Mixed Platforms.ActiveCfg = Release|Any CPU
		{01EC1DA3-2B04-4B60-B206-0851183401AA}.Release|Mixed Platforms.Build.0 = Release|Any CPU
		{01EC1DA3-2B04-4B60-B206-0851183401AA}.Release|x86.ActiveCfg = Release|Any CPU
		{01EC1DA3-2B04-4B60-B206-0851183401AA}.Release|x86.Build.0 = Release|Any CPU
		{30879757-3186-4D2F-893A-F9681B726A43}.Debug|Any CPU.ActiveCfg = Debug|Any CPU
		{30879757-3186-4D2F-893A-F9681B726A43}.Debug|Any CPU.Build.0 = Debug|Any CPU
		{30879757-3186-4D2F-893A-F9681B726A43}.Debug|Mixed Platforms.ActiveCfg = Debug|Any CPU
		{30879757-3186-4D2F-893A-F9681B726A43}.Debug|Mixed Platforms.Build.0 = Debug|Any CPU
		{30879757-3186-4D2F-893A-F9681B726A43}.Debug|x86.ActiveCfg = Debug|Any CPU
		{30879757-3186-4D2F-893A-F9681B726A43}.Debug|x86.Build.0 = Debug|Any CPU
		{30879757-3186-4D2F-893A-F9681B726A43}.Release|Any CPU.ActiveCfg = Release|Any CPU
		{30879757-3186-4D2F-893A-F9681B726A43}.Release|Any CPU.Build.0 = Release|Any CPU
		{30879757-3186-4D2F-893A-F9681B726A43}.Release|Mixed Platforms.ActiveCfg = Release|Any CPU
		{30879757-3186-4D2F-893A-F9681B726A43}.Release|Mixed Platforms.Build.0 = Release|Any CPU
		{30879757-3186-4D2F-893A-F9681B726A43}.Release|x86.ActiveCfg = Release|Any CPU
		{30879757-3186-4D2F-893A-F9681B726A43}.Release|x86.Build.0 = Release|Any CPU
		{F8D05099-EBD3-4C71-9BE6-35220AD9819A}.Debug|Any CPU.ActiveCfg = Debug|Any CPU
		{F8D05099-EBD3-4C71-9BE6-35220AD9819A}.Debug|Any CPU.Build.0 = Debug|Any CPU
		{F8D05099-EBD3-4C71-9BE6-35220AD9819A}.Debug|Mixed Platforms.ActiveCfg = Debug|Any CPU
		{F8D05099-EBD3-4C71-9BE6-35220AD9819A}.Debug|Mixed Platforms.Build.0 = Debug|Any CPU
		{F8D05099-EBD3-4C71-9BE6-35220AD9819A}.Debug|x86.ActiveCfg = Debug|Any CPU
		{F8D05099-EBD3-4C71-9BE6-35220AD9819A}.Debug|x86.Build.0 = Debug|Any CPU
		{F8D05099-EBD3-4C71-9BE6-35220AD9819A}.Release|Any CPU.ActiveCfg = Release|Any CPU
		{F8D05099-EBD3-4C71-9BE6-35220AD9819A}.Release|Any CPU.Build.0 = Release|Any CPU
		{F8D05099-EBD3-4C71-9BE6-35220AD9819A}.Release|Mixed Platforms.ActiveCfg = Release|Any CPU
		{F8D05099-EBD3-4C71-9BE6-35220AD9819A}.Release|Mixed Platforms.Build.0 = Release|Any CPU
		{F8D05099-EBD3-4C71-9BE6-35220AD9819A}.Release|x86.ActiveCfg = Release|Any CPU
		{F8D05099-EBD3-4C71-9BE6-35220AD9819A}.Release|x86.Build.0 = Release|Any CPU
		{3B3ED6E2-D767-473F-81ED-B212F7BEB522}.Debug|Any CPU.ActiveCfg = Debug|Any CPU
		{3B3ED6E2-D767-473F-81ED-B212F7BEB522}.Debug|Any CPU.Build.0 = Debug|Any CPU
		{3B3ED6E2-D767-473F-81ED-B212F7BEB522}.Debug|Mixed Platforms.ActiveCfg = Debug|Any CPU
		{3B3ED6E2-D767-473F-81ED-B212F7BEB522}.Debug|Mixed Platforms.Build.0 = Debug|Any CPU
		{3B3ED6E2-D767-473F-81ED-B212F7BEB522}.Debug|x86.ActiveCfg = Debug|Any CPU
		{3B3ED6E2-D767-473F-81ED-B212F7BEB522}.Debug|x86.Build.0 = Debug|Any CPU
		{3B3ED6E2-D767-473F-81ED-B212F7BEB522}.Release|Any CPU.ActiveCfg = Release|Any CPU
		{3B3ED6E2-D767-473F-81ED-B212F7BEB522}.Release|Any CPU.Build.0 = Release|Any CPU
		{3B3ED6E2-D767-473F-81ED-B212F7BEB522}.Release|Mixed Platforms.ActiveCfg = Release|Any CPU
		{3B3ED6E2-D767-473F-81ED-B212F7BEB522}.Release|Mixed Platforms.Build.0 = Release|Any CPU
		{3B3ED6E2-D767-473F-81ED-B212F7BEB522}.Release|x86.ActiveCfg = Release|Any CPU
		{3B3ED6E2-D767-473F-81ED-B212F7BEB522}.Release|x86.Build.0 = Release|Any CPU
		{22EA14CA-0545-4AAF-B1C3-59FBDCA44568}.Debug|Any CPU.ActiveCfg = Debug|Any CPU
		{22EA14CA-0545-4AAF-B1C3-59FBDCA44568}.Debug|Any CPU.Build.0 = Debug|Any CPU
		{22EA14CA-0545-4AAF-B1C3-59FBDCA44568}.Debug|Mixed Platforms.ActiveCfg = Debug|Any CPU
		{22EA14CA-0545-4AAF-B1C3-59FBDCA44568}.Debug|Mixed Platforms.Build.0 = Debug|Any CPU
		{22EA14CA-0545-4AAF-B1C3-59FBDCA44568}.Debug|x86.ActiveCfg = Debug|Any CPU
		{22EA14CA-0545-4AAF-B1C3-59FBDCA44568}.Debug|x86.Build.0 = Debug|Any CPU
		{22EA14CA-0545-4AAF-B1C3-59FBDCA44568}.Release|Any CPU.ActiveCfg = Release|Any CPU
		{22EA14CA-0545-4AAF-B1C3-59FBDCA44568}.Release|Any CPU.Build.0 = Release|Any CPU
		{22EA14CA-0545-4AAF-B1C3-59FBDCA44568}.Release|Mixed Platforms.ActiveCfg = Release|Any CPU
		{22EA14CA-0545-4AAF-B1C3-59FBDCA44568}.Release|Mixed Platforms.Build.0 = Release|Any CPU
		{22EA14CA-0545-4AAF-B1C3-59FBDCA44568}.Release|x86.ActiveCfg = Release|Any CPU
		{22EA14CA-0545-4AAF-B1C3-59FBDCA44568}.Release|x86.Build.0 = Release|Any CPU
		{6CF3C191-AC46-484C-99D7-CD77C4402149}.Debug|Any CPU.ActiveCfg = Debug|Any CPU
		{6CF3C191-AC46-484C-99D7-CD77C4402149}.Debug|Any CPU.Build.0 = Debug|Any CPU
		{6CF3C191-AC46-484C-99D7-CD77C4402149}.Debug|Mixed Platforms.ActiveCfg = Debug|Any CPU
		{6CF3C191-AC46-484C-99D7-CD77C4402149}.Debug|Mixed Platforms.Build.0 = Debug|Any CPU
		{6CF3C191-AC46-484C-99D7-CD77C4402149}.Debug|x86.ActiveCfg = Debug|Any CPU
		{6CF3C191-AC46-484C-99D7-CD77C4402149}.Debug|x86.Build.0 = Debug|Any CPU
		{6CF3C191-AC46-484C-99D7-CD77C4402149}.Release|Any CPU.ActiveCfg = Release|Any CPU
		{6CF3C191-AC46-484C-99D7-CD77C4402149}.Release|Any CPU.Build.0 = Release|Any CPU
		{6CF3C191-AC46-484C-99D7-CD77C4402149}.Release|Mixed Platforms.ActiveCfg = Release|Any CPU
		{6CF3C191-AC46-484C-99D7-CD77C4402149}.Release|Mixed Platforms.Build.0 = Release|Any CPU
		{6CF3C191-AC46-484C-99D7-CD77C4402149}.Release|x86.ActiveCfg = Release|Any CPU
		{6CF3C191-AC46-484C-99D7-CD77C4402149}.Release|x86.Build.0 = Release|Any CPU
		{DF021195-1FD6-4ECB-BC1A-7FB43D816ABA}.Debug|Any CPU.ActiveCfg = Debug|Any CPU
		{DF021195-1FD6-4ECB-BC1A-7FB43D816ABA}.Debug|Any CPU.Build.0 = Debug|Any CPU
		{DF021195-1FD6-4ECB-BC1A-7FB43D816ABA}.Debug|Mixed Platforms.ActiveCfg = Debug|Any CPU
		{DF021195-1FD6-4ECB-BC1A-7FB43D816ABA}.Debug|Mixed Platforms.Build.0 = Debug|Any CPU
		{DF021195-1FD6-4ECB-BC1A-7FB43D816ABA}.Debug|x86.ActiveCfg = Debug|Any CPU
		{DF021195-1FD6-4ECB-BC1A-7FB43D816ABA}.Debug|x86.Build.0 = Debug|Any CPU
		{DF021195-1FD6-4ECB-BC1A-7FB43D816ABA}.Release|Any CPU.ActiveCfg = Release|Any CPU
		{DF021195-1FD6-4ECB-BC1A-7FB43D816ABA}.Release|Any CPU.Build.0 = Release|Any CPU
		{DF021195-1FD6-4ECB-BC1A-7FB43D816ABA}.Release|Mixed Platforms.ActiveCfg = Release|Any CPU
		{DF021195-1FD6-4ECB-BC1A-7FB43D816ABA}.Release|Mixed Platforms.Build.0 = Release|Any CPU
		{DF021195-1FD6-4ECB-BC1A-7FB43D816ABA}.Release|x86.ActiveCfg = Release|Any CPU
		{DF021195-1FD6-4ECB-BC1A-7FB43D816ABA}.Release|x86.Build.0 = Release|Any CPU
		{38374833-BE3A-4E8B-A6DB-DB3C7561D823}.Debug|Any CPU.ActiveCfg = Debug|Any CPU
		{38374833-BE3A-4E8B-A6DB-DB3C7561D823}.Debug|Any CPU.Build.0 = Debug|Any CPU
		{38374833-BE3A-4E8B-A6DB-DB3C7561D823}.Debug|Mixed Platforms.ActiveCfg = Debug|Any CPU
		{38374833-BE3A-4E8B-A6DB-DB3C7561D823}.Debug|Mixed Platforms.Build.0 = Debug|Any CPU
		{38374833-BE3A-4E8B-A6DB-DB3C7561D823}.Debug|x86.ActiveCfg = Debug|Any CPU
		{38374833-BE3A-4E8B-A6DB-DB3C7561D823}.Debug|x86.Build.0 = Debug|Any CPU
		{38374833-BE3A-4E8B-A6DB-DB3C7561D823}.Release|Any CPU.ActiveCfg = Release|Any CPU
		{38374833-BE3A-4E8B-A6DB-DB3C7561D823}.Release|Any CPU.Build.0 = Release|Any CPU
		{38374833-BE3A-4E8B-A6DB-DB3C7561D823}.Release|Mixed Platforms.ActiveCfg = Release|Any CPU
		{38374833-BE3A-4E8B-A6DB-DB3C7561D823}.Release|Mixed Platforms.Build.0 = Release|Any CPU
		{38374833-BE3A-4E8B-A6DB-DB3C7561D823}.Release|x86.ActiveCfg = Release|Any CPU
		{38374833-BE3A-4E8B-A6DB-DB3C7561D823}.Release|x86.Build.0 = Release|Any CPU
		{CE28D06C-EFF2-4E1E-8CA8-25CEB0556EBA}.Debug|Any CPU.ActiveCfg = Debug|Any CPU
		{CE28D06C-EFF2-4E1E-8CA8-25CEB0556EBA}.Debug|Any CPU.Build.0 = Debug|Any CPU
		{CE28D06C-EFF2-4E1E-8CA8-25CEB0556EBA}.Debug|Mixed Platforms.ActiveCfg = Debug|Any CPU
		{CE28D06C-EFF2-4E1E-8CA8-25CEB0556EBA}.Debug|Mixed Platforms.Build.0 = Debug|Any CPU
		{CE28D06C-EFF2-4E1E-8CA8-25CEB0556EBA}.Debug|x86.ActiveCfg = Debug|Any CPU
		{CE28D06C-EFF2-4E1E-8CA8-25CEB0556EBA}.Debug|x86.Build.0 = Debug|Any CPU
		{CE28D06C-EFF2-4E1E-8CA8-25CEB0556EBA}.Release|Any CPU.ActiveCfg = Release|Any CPU
		{CE28D06C-EFF2-4E1E-8CA8-25CEB0556EBA}.Release|Any CPU.Build.0 = Release|Any CPU
		{CE28D06C-EFF2-4E1E-8CA8-25CEB0556EBA}.Release|Mixed Platforms.ActiveCfg = Release|Any CPU
		{CE28D06C-EFF2-4E1E-8CA8-25CEB0556EBA}.Release|Mixed Platforms.Build.0 = Release|Any CPU
		{CE28D06C-EFF2-4E1E-8CA8-25CEB0556EBA}.Release|x86.ActiveCfg = Release|Any CPU
		{CE28D06C-EFF2-4E1E-8CA8-25CEB0556EBA}.Release|x86.Build.0 = Release|Any CPU
		{38F150FE-EBFB-497C-97D2-4CA8FD5EF096}.Debug|Any CPU.ActiveCfg = Debug|Any CPU
		{38F150FE-EBFB-497C-97D2-4CA8FD5EF096}.Debug|Any CPU.Build.0 = Debug|Any CPU
		{38F150FE-EBFB-497C-97D2-4CA8FD5EF096}.Debug|Mixed Platforms.ActiveCfg = Debug|Any CPU
		{38F150FE-EBFB-497C-97D2-4CA8FD5EF096}.Debug|Mixed Platforms.Build.0 = Debug|Any CPU
		{38F150FE-EBFB-497C-97D2-4CA8FD5EF096}.Debug|x86.ActiveCfg = Debug|Any CPU
		{38F150FE-EBFB-497C-97D2-4CA8FD5EF096}.Debug|x86.Build.0 = Debug|Any CPU
		{38F150FE-EBFB-497C-97D2-4CA8FD5EF096}.Release|Any CPU.ActiveCfg = Release|Any CPU
		{38F150FE-EBFB-497C-97D2-4CA8FD5EF096}.Release|Any CPU.Build.0 = Release|Any CPU
		{38F150FE-EBFB-497C-97D2-4CA8FD5EF096}.Release|Mixed Platforms.ActiveCfg = Release|Any CPU
		{38F150FE-EBFB-497C-97D2-4CA8FD5EF096}.Release|Mixed Platforms.Build.0 = Release|Any CPU
		{38F150FE-EBFB-497C-97D2-4CA8FD5EF096}.Release|x86.ActiveCfg = Release|Any CPU
		{38F150FE-EBFB-497C-97D2-4CA8FD5EF096}.Release|x86.Build.0 = Release|Any CPU
	EndGlobalSection
	GlobalSection(SolutionProperties) = preSolution
		HideSolutionNode = FALSE
	EndGlobalSection
	GlobalSection(NestedProjects) = preSolution
		{4F1F649C-1020-45BE-A487-F416D9297FF3} = {B09156FB-8291-46A2-AF37-67CE97CFB5A6}
		{6BDA8332-939F-45B7-A25E-7A797260AE59} = {E4ACA93B-D3DE-4557-B069-F1DB42925A4B}
		{CCD7F2C9-6A2C-4CF0-8E89-076B8FC0F144} = {E4ACA93B-D3DE-4557-B069-F1DB42925A4B}
		{210541AD-F659-47DA-8763-16F36C5CD2F4} = {E4ACA93B-D3DE-4557-B069-F1DB42925A4B}
		{9A7B9344-6AD0-4828-876D-0BF14C177148} = {7881B112-7843-4542-B1F7-F99553FB9BB7}
		{75FD4163-333C-4DD5-854D-2EF294E45D94} = {B09156FB-8291-46A2-AF37-67CE97CFB5A6}
		{C2B83AF5-80F6-4B8C-8628-FA7DE10C3BB5} = {7881B112-7843-4542-B1F7-F99553FB9BB7}
		{FD31C133-B4DE-4BB2-B327-1D0E2F2C95D4} = {E8FC6874-E230-468A-9685-4747354B92FF}
		{523FDDD1-021B-459E-B38D-F134A863F314} = {7881B112-7843-4542-B1F7-F99553FB9BB7}
		{3810EDF3-892D-4A00-B1C7-029760840AB5} = {7881B112-7843-4542-B1F7-F99553FB9BB7}
		{13FE80ED-3F4B-431F-8D32-7708F7A234C4} = {7881B112-7843-4542-B1F7-F99553FB9BB7}
		{01EC1DA3-2B04-4B60-B206-0851183401AA} = {7881B112-7843-4542-B1F7-F99553FB9BB7}
		{30879757-3186-4D2F-893A-F9681B726A43} = {7881B112-7843-4542-B1F7-F99553FB9BB7}
		{F8D05099-EBD3-4C71-9BE6-35220AD9819A} = {7881B112-7843-4542-B1F7-F99553FB9BB7}
		{3B3ED6E2-D767-473F-81ED-B212F7BEB522} = {7881B112-7843-4542-B1F7-F99553FB9BB7}
		{22EA14CA-0545-4AAF-B1C3-59FBDCA44568} = {7881B112-7843-4542-B1F7-F99553FB9BB7}
		{6CF3C191-AC46-484C-99D7-CD77C4402149} = {7881B112-7843-4542-B1F7-F99553FB9BB7}
		{DF021195-1FD6-4ECB-BC1A-7FB43D816ABA} = {7881B112-7843-4542-B1F7-F99553FB9BB7}
		{38374833-BE3A-4E8B-A6DB-DB3C7561D823} = {7881B112-7843-4542-B1F7-F99553FB9BB7}
		{CE28D06C-EFF2-4E1E-8CA8-25CEB0556EBA} = {7881B112-7843-4542-B1F7-F99553FB9BB7}
		{38F150FE-EBFB-497C-97D2-4CA8FD5EF096} = {7881B112-7843-4542-B1F7-F99553FB9BB7}
	EndGlobalSection
	GlobalSection(ExtensibilityGlobals) = postSolution
		SolutionGuid = {EE72A8B2-332A-4175-9319-6726D36E9D25}
	EndGlobalSection
	GlobalSection(NDepend) = preSolution
		Project = ".\NopCommerce.ndproj"
	EndGlobalSection
EndGlobal
